// !$*UTF8*$!
{
	archiveVersion = 1;
	classes = {
	};
	objectVersion = 53;
	objects = {

/* Begin PBXBuildFile section */
		CA00AC5922D1DE82005ECFFE /* AppDelegate.swift in Sources */ = {isa = PBXBuildFile; fileRef = CA00AC5822D1DE82005ECFFE /* AppDelegate.swift */; };
		CA00AC5B22D1DE82005ECFFE /* ProfileViewController.swift in Sources */ = {isa = PBXBuildFile; fileRef = CA00AC5A22D1DE82005ECFFE /* ProfileViewController.swift */; };
		CA00AC5E22D1DE82005ECFFE /* Main.storyboard in Resources */ = {isa = PBXBuildFile; fileRef = CA00AC5C22D1DE82005ECFFE /* Main.storyboard */; };
		CA00AC6022D1DE83005ECFFE /* Assets.xcassets in Resources */ = {isa = PBXBuildFile; fileRef = CA00AC5F22D1DE83005ECFFE /* Assets.xcassets */; };
		CA00AC6B22D1DEAF005ECFFE /* LoginViewController.swift in Sources */ = {isa = PBXBuildFile; fileRef = CA00AC6822D1DEAE005ECFFE /* LoginViewController.swift */; };
		CA00ACC022D2455E005ECFFE /* Alamofire.framework in Frameworks */ = {isa = PBXBuildFile; fileRef = CA00ACBB22D24475005ECFFE /* Alamofire.framework */; };
		CA00ACC122D2455E005ECFFE /* Alamofire.framework in Embed Frameworks */ = {isa = PBXBuildFile; fileRef = CA00ACBB22D24475005ECFFE /* Alamofire.framework */; settings = {ATTRIBUTES = (CodeSignOnCopy, RemoveHeadersOnCopy, ); }; };
		CA00ACC622D25D0B005ECFFE /* CookieManager.swift in Sources */ = {isa = PBXBuildFile; fileRef = CA00ACC522D25D0B005ECFFE /* CookieManager.swift */; };
		CA00ACD322D2F0B7005ECFFE /* RootViewNavigator.swift in Sources */ = {isa = PBXBuildFile; fileRef = CA00ACD222D2F0B7005ECFFE /* RootViewNavigator.swift */; };
		CA05132422D933BA008B4B48 /* CellDateComposer.swift in Sources */ = {isa = PBXBuildFile; fileRef = CA05132222D933BA008B4B48 /* CellDateComposer.swift */; };
		CA05132622D933E8008B4B48 /* CellDataItem.swift in Sources */ = {isa = PBXBuildFile; fileRef = CA05132522D933E8008B4B48 /* CellDataItem.swift */; };
		CA4C66E02507A62C0049B522 /* Metal.framework in Frameworks */ = {isa = PBXBuildFile; fileRef = CA4C66CA2507A62C0049B522 /* Metal.framework */; };
		CA4C66E22507A64D0049B522 /* CoreServices.framework in Frameworks */ = {isa = PBXBuildFile; fileRef = CA4C66E12507A64D0049B522 /* CoreServices.framework */; };
		CA4C66EC250859290049B522 /* Utilities.swift in Sources */ = {isa = PBXBuildFile; fileRef = CA4C66EB250859290049B522 /* Utilities.swift */; };
		CA4C67032509ADCC0049B522 /* HistoryCollectionViewController.swift in Sources */ = {isa = PBXBuildFile; fileRef = CA4C67022509ADCC0049B522 /* HistoryCollectionViewController.swift */; };
		CA705E3D22DAD84500615664 /* AudioToolbox.framework in Frameworks */ = {isa = PBXBuildFile; fileRef = CA705E3C22DAD84500615664 /* AudioToolbox.framework */; };
		CA705E3F22DAD84F00615664 /* AVFoundation.framework in Frameworks */ = {isa = PBXBuildFile; fileRef = CA705E3E22DAD84F00615664 /* AVFoundation.framework */; };
		CA705E4122DAD85E00615664 /* CoreGraphics.framework in Frameworks */ = {isa = PBXBuildFile; fileRef = CA705E4022DAD85E00615664 /* CoreGraphics.framework */; };
		CA705E4322DAD86700615664 /* CoreMedia.framework in Frameworks */ = {isa = PBXBuildFile; fileRef = CA705E4222DAD86700615664 /* CoreMedia.framework */; };
		CA705E4522DAD86F00615664 /* CoreVideo.framework in Frameworks */ = {isa = PBXBuildFile; fileRef = CA705E4422DAD86F00615664 /* CoreVideo.framework */; };
		CA705E4722DAD87B00615664 /* libbz2.tbd in Frameworks */ = {isa = PBXBuildFile; fileRef = CA705E4622DAD87B00615664 /* libbz2.tbd */; };
		CA705E4922DAD89900615664 /* libz.tbd in Frameworks */ = {isa = PBXBuildFile; fileRef = CA705E4822DAD89900615664 /* libz.tbd */; };
		CA705E4B22DAD8A300615664 /* MediaPlayer.framework in Frameworks */ = {isa = PBXBuildFile; fileRef = CA705E4A22DAD8A300615664 /* MediaPlayer.framework */; };
		CA705E5122DAD8C400615664 /* UIKit.framework in Frameworks */ = {isa = PBXBuildFile; fileRef = CA705E5022DAD8C400615664 /* UIKit.framework */; };
		CA705E5322DAD8CB00615664 /* QuartzCore.framework in Frameworks */ = {isa = PBXBuildFile; fileRef = CA705E5222DAD8CB00615664 /* QuartzCore.framework */; };
		CA705E5522DAD8D200615664 /* VideoToolbox.framework in Frameworks */ = {isa = PBXBuildFile; fileRef = CA705E5422DAD8D200615664 /* VideoToolbox.framework */; };
		CA705E5722DADA1200615664 /* VideoPlayViewController.swift in Sources */ = {isa = PBXBuildFile; fileRef = CA705E5622DADA1200615664 /* VideoPlayViewController.swift */; };
		CA73155D22D33E100046A75B /* CollectionViewCell.swift in Sources */ = {isa = PBXBuildFile; fileRef = CA73155C22D33E100046A75B /* CollectionViewCell.swift */; };
		CA73156122D3420D0046A75B /* SubscriptionsCollectionViewController.swift in Sources */ = {isa = PBXBuildFile; fileRef = CA73156022D3420D0046A75B /* SubscriptionsCollectionViewController.swift */; };
		CA73157D22D352640046A75B /* SwiftyJSON.framework in Embed Frameworks */ = {isa = PBXBuildFile; fileRef = CA73157822D352000046A75B /* SwiftyJSON.framework */; settings = {ATTRIBUTES = (CodeSignOnCopy, RemoveHeadersOnCopy, ); }; };
		CA8A12A822DB89AC00D344C9 /* VLCAli.m in Sources */ = {isa = PBXBuildFile; fileRef = CA8A12A722DB89AC00D344C9 /* VLCAli.m */; };
		CA8A12AB22DB9AAD00D344C9 /* Podfile in Resources */ = {isa = PBXBuildFile; fileRef = CA8A12A922DB9AAD00D344C9 /* Podfile */; };
		CA8A12AC22DB9AAD00D344C9 /* README.md in Resources */ = {isa = PBXBuildFile; fileRef = CA8A12AA22DB9AAD00D344C9 /* README.md */; };
		CA8A12B222DC00FF00D344C9 /* MenuTableViewController.swift in Sources */ = {isa = PBXBuildFile; fileRef = CA8A12B122DC00FF00D344C9 /* MenuTableViewController.swift */; };
		CAF4F2E522E330CA00CCE549 /* BarrageRenderer.framework in Frameworks */ = {isa = PBXBuildFile; fileRef = CAF4F2DC22E330BC00CCE549 /* BarrageRenderer.framework */; };
		CAF4F2E622E330CA00CCE549 /* BarrageRenderer.framework in Embed Frameworks */ = {isa = PBXBuildFile; fileRef = CAF4F2DC22E330BC00CCE549 /* BarrageRenderer.framework */; settings = {ATTRIBUTES = (CodeSignOnCopy, RemoveHeadersOnCopy, ); }; };
		CAF4F2EE22E349D000CCE549 /* DanmuData.swift in Sources */ = {isa = PBXBuildFile; fileRef = CAF4F2ED22E349D000CCE549 /* DanmuData.swift */; };
		CAF4F34322E3572B00CCE549 /* SWXMLHash.framework in Frameworks */ = {isa = PBXBuildFile; fileRef = CAF4F33E22E356FB00CCE549 /* SWXMLHash.framework */; };
		CAF4F34422E3572B00CCE549 /* SWXMLHash.framework in Embed Frameworks */ = {isa = PBXBuildFile; fileRef = CAF4F33E22E356FB00CCE549 /* SWXMLHash.framework */; settings = {ATTRIBUTES = (CodeSignOnCopy, RemoveHeadersOnCopy, ); }; };
/* End PBXBuildFile section */

/* Begin PBXContainerItemProxy section */
		CA00ACB222D24475005ECFFE /* PBXContainerItemProxy */ = {
			isa = PBXContainerItemProxy;
			containerPortal = CA00ACA722D24475005ECFFE /* Alamofire.xcodeproj */;
			proxyType = 2;
			remoteGlobalIDString = F8111E3319A95C8B0040E7D1;
			remoteInfo = "Alamofire iOS";
		};
		CA00ACB422D24475005ECFFE /* PBXContainerItemProxy */ = {
			isa = PBXContainerItemProxy;
			containerPortal = CA00ACA722D24475005ECFFE /* Alamofire.xcodeproj */;
			proxyType = 2;
			remoteGlobalIDString = F8111E3E19A95C8B0040E7D1;
			remoteInfo = "Alamofire iOS Tests";
		};
		CA00ACB622D24475005ECFFE /* PBXContainerItemProxy */ = {
			isa = PBXContainerItemProxy;
			containerPortal = CA00ACA722D24475005ECFFE /* Alamofire.xcodeproj */;
			proxyType = 2;
			remoteGlobalIDString = 4DD67C0B1A5C55C900ED2280;
			remoteInfo = "Alamofire macOS";
		};
		CA00ACB822D24475005ECFFE /* PBXContainerItemProxy */ = {
			isa = PBXContainerItemProxy;
			containerPortal = CA00ACA722D24475005ECFFE /* Alamofire.xcodeproj */;
			proxyType = 2;
			remoteGlobalIDString = F829C6B21A7A94F100A2CD59;
			remoteInfo = "Alamofire macOS Tests";
		};
		CA00ACBA22D24475005ECFFE /* PBXContainerItemProxy */ = {
			isa = PBXContainerItemProxy;
			containerPortal = CA00ACA722D24475005ECFFE /* Alamofire.xcodeproj */;
			proxyType = 2;
			remoteGlobalIDString = 4CF626EF1BA7CB3E0011A099;
			remoteInfo = "Alamofire tvOS";
		};
		CA00ACBC22D24475005ECFFE /* PBXContainerItemProxy */ = {
			isa = PBXContainerItemProxy;
			containerPortal = CA00ACA722D24475005ECFFE /* Alamofire.xcodeproj */;
			proxyType = 2;
			remoteGlobalIDString = 4CF626F81BA7CB3E0011A099;
			remoteInfo = "Alamofire tvOS Tests";
		};
		CA00ACBE22D24475005ECFFE /* PBXContainerItemProxy */ = {
			isa = PBXContainerItemProxy;
			containerPortal = CA00ACA722D24475005ECFFE /* Alamofire.xcodeproj */;
			proxyType = 2;
			remoteGlobalIDString = E4202FE01B667AA100C997FB;
			remoteInfo = "Alamofire watchOS";
		};
		CA00ACC222D2455E005ECFFE /* PBXContainerItemProxy */ = {
			isa = PBXContainerItemProxy;
			containerPortal = CA00ACA722D24475005ECFFE /* Alamofire.xcodeproj */;
			proxyType = 1;
			remoteGlobalIDString = 4CF626EE1BA7CB3E0011A099;
			remoteInfo = "Alamofire tvOS";
		};
		CA73156D22D352000046A75B /* PBXContainerItemProxy */ = {
			isa = PBXContainerItemProxy;
			containerPortal = CA73156222D352000046A75B /* SwiftyJSON.xcodeproj */;
			proxyType = 2;
			remoteGlobalIDString = 2E4FEFDB19575BE100351305;
			remoteInfo = "SwiftyJSON iOS";
		};
		CA73156F22D352000046A75B /* PBXContainerItemProxy */ = {
			isa = PBXContainerItemProxy;
			containerPortal = CA73156222D352000046A75B /* SwiftyJSON.xcodeproj */;
			proxyType = 2;
			remoteGlobalIDString = 2E4FEFE619575BE100351305;
			remoteInfo = "SwiftyJSON iOS Tests";
		};
		CA73157122D352000046A75B /* PBXContainerItemProxy */ = {
			isa = PBXContainerItemProxy;
			containerPortal = CA73156222D352000046A75B /* SwiftyJSON.xcodeproj */;
			proxyType = 2;
			remoteGlobalIDString = 9C7DFC5B1A9102BD005AA3F7;
			remoteInfo = "SwiftyJSON macOS";
		};
		CA73157322D352000046A75B /* PBXContainerItemProxy */ = {
			isa = PBXContainerItemProxy;
			containerPortal = CA73156222D352000046A75B /* SwiftyJSON.xcodeproj */;
			proxyType = 2;
			remoteGlobalIDString = 9C7DFC651A9102BD005AA3F7;
			remoteInfo = "SwiftyJSON macOS Tests";
		};
		CA73157522D352000046A75B /* PBXContainerItemProxy */ = {
			isa = PBXContainerItemProxy;
			containerPortal = CA73156222D352000046A75B /* SwiftyJSON.xcodeproj */;
			proxyType = 2;
			remoteGlobalIDString = E4D7CCE81B9465A700EE7221;
			remoteInfo = "SwiftyJSON watchOS";
		};
		CA73157722D352000046A75B /* PBXContainerItemProxy */ = {
			isa = PBXContainerItemProxy;
			containerPortal = CA73156222D352000046A75B /* SwiftyJSON.xcodeproj */;
			proxyType = 2;
			remoteGlobalIDString = 7236B4F61BAC14150020529B;
			remoteInfo = "SwiftyJSON tvOS";
		};
		CA73157922D352000046A75B /* PBXContainerItemProxy */ = {
			isa = PBXContainerItemProxy;
			containerPortal = CA73156222D352000046A75B /* SwiftyJSON.xcodeproj */;
			proxyType = 2;
			remoteGlobalIDString = A8580F741BCF5C5B00DA927B;
			remoteInfo = "SwiftyJSON tvOS Tests";
		};
		CAF4F2DB22E330BC00CCE549 /* PBXContainerItemProxy */ = {
			isa = PBXContainerItemProxy;
			containerPortal = CAF4F2D022E330BC00CCE549 /* BarrageRenderer.xcodeproj */;
			proxyType = 2;
			remoteGlobalIDString = CAF4F26922E32DB000CCE549;
			remoteInfo = BarrageRenderer;
		};
		CAF4F2E722E330CA00CCE549 /* PBXContainerItemProxy */ = {
			isa = PBXContainerItemProxy;
			containerPortal = CAF4F2D022E330BC00CCE549 /* BarrageRenderer.xcodeproj */;
			proxyType = 1;
			remoteGlobalIDString = CAF4F26822E32DB000CCE549;
			remoteInfo = BarrageRenderer;
		};
		CAF4F33522E356FB00CCE549 /* PBXContainerItemProxy */ = {
			isa = PBXContainerItemProxy;
			containerPortal = CAF4F31C22E356FB00CCE549 /* SWXMLHash.xcodeproj */;
			proxyType = 2;
			remoteGlobalIDString = CD6083EF196CA106000B4F8D;
			remoteInfo = "SWXMLHash iOS";
		};
		CAF4F33722E356FB00CCE549 /* PBXContainerItemProxy */ = {
			isa = PBXContainerItemProxy;
			containerPortal = CAF4F31C22E356FB00CCE549 /* SWXMLHash.xcodeproj */;
			proxyType = 2;
			remoteGlobalIDString = CD6083FA196CA106000B4F8D;
			remoteInfo = "SWXMLHash iOS Tests";
		};
		CAF4F33922E356FB00CCE549 /* PBXContainerItemProxy */ = {
			isa = PBXContainerItemProxy;
			containerPortal = CAF4F31C22E356FB00CCE549 /* SWXMLHash.xcodeproj */;
			proxyType = 2;
			remoteGlobalIDString = CD9D052C1A757D8B003CCB21;
			remoteInfo = "SWXMLHash OSX";
		};
		CAF4F33B22E356FB00CCE549 /* PBXContainerItemProxy */ = {
			isa = PBXContainerItemProxy;
			containerPortal = CAF4F31C22E356FB00CCE549 /* SWXMLHash.xcodeproj */;
			proxyType = 2;
			remoteGlobalIDString = CD9D05361A757D8B003CCB21;
			remoteInfo = "SWXMLHash OSX Tests";
		};
		CAF4F33D22E356FB00CCE549 /* PBXContainerItemProxy */ = {
			isa = PBXContainerItemProxy;
			containerPortal = CAF4F31C22E356FB00CCE549 /* SWXMLHash.xcodeproj */;
			proxyType = 2;
			remoteGlobalIDString = CDDEC74C1BF6311A00AB138B;
			remoteInfo = "SWXMLHash tvOS";
		};
		CAF4F33F22E356FB00CCE549 /* PBXContainerItemProxy */ = {
			isa = PBXContainerItemProxy;
			containerPortal = CAF4F31C22E356FB00CCE549 /* SWXMLHash.xcodeproj */;
			proxyType = 2;
			remoteGlobalIDString = CDDEC7551BF6311B00AB138B;
			remoteInfo = "SWXMLHash tvOS Tests";
		};
		CAF4F34122E356FB00CCE549 /* PBXContainerItemProxy */ = {
			isa = PBXContainerItemProxy;
			containerPortal = CAF4F31C22E356FB00CCE549 /* SWXMLHash.xcodeproj */;
			proxyType = 2;
			remoteGlobalIDString = CDDEC7681BF6316C00AB138B;
			remoteInfo = "SWXMLHash watchOS";
		};
		CAF4F34522E3572B00CCE549 /* PBXContainerItemProxy */ = {
			isa = PBXContainerItemProxy;
			containerPortal = CAF4F31C22E356FB00CCE549 /* SWXMLHash.xcodeproj */;
			proxyType = 1;
			remoteGlobalIDString = CDDEC74B1BF6311A00AB138B;
			remoteInfo = "SWXMLHash tvOS";
		};
/* End PBXContainerItemProxy section */

/* Begin PBXCopyFilesBuildPhase section */
		CA00ACC422D2455E005ECFFE /* Embed Frameworks */ = {
			isa = PBXCopyFilesBuildPhase;
			buildActionMask = 2147483647;
			dstPath = "";
			dstSubfolderSpec = 10;
			files = (
				CA73157D22D352640046A75B /* SwiftyJSON.framework in Embed Frameworks */,
				CAF4F2E622E330CA00CCE549 /* BarrageRenderer.framework in Embed Frameworks */,
				CAF4F34422E3572B00CCE549 /* SWXMLHash.framework in Embed Frameworks */,
				CA00ACC122D2455E005ECFFE /* Alamofire.framework in Embed Frameworks */,
			);
			name = "Embed Frameworks";
			runOnlyForDeploymentPostprocessing = 0;
		};
/* End PBXCopyFilesBuildPhase section */

/* Begin PBXFileReference section */
		474C04E9756AA8FCF51807E3 /* Pods-Alibili.debug.xcconfig */ = {isa = PBXFileReference; includeInIndex = 1; lastKnownFileType = text.xcconfig; name = "Pods-Alibili.debug.xcconfig"; path = "Target Support Files/Pods-Alibili/Pods-Alibili.debug.xcconfig"; sourceTree = "<group>"; };
		B728F5A8F14ACA0403CA8951 /* Pods-Alibili.release.xcconfig */ = {isa = PBXFileReference; includeInIndex = 1; lastKnownFileType = text.xcconfig; name = "Pods-Alibili.release.xcconfig"; path = "Target Support Files/Pods-Alibili/Pods-Alibili.release.xcconfig"; sourceTree = "<group>"; };
		CA00AC5522D1DE82005ECFFE /* Alibili.app */ = {isa = PBXFileReference; explicitFileType = wrapper.application; includeInIndex = 0; path = Alibili.app; sourceTree = BUILT_PRODUCTS_DIR; };
		CA00AC5822D1DE82005ECFFE /* AppDelegate.swift */ = {isa = PBXFileReference; lastKnownFileType = sourcecode.swift; path = AppDelegate.swift; sourceTree = "<group>"; };
		CA00AC5A22D1DE82005ECFFE /* ProfileViewController.swift */ = {isa = PBXFileReference; lastKnownFileType = sourcecode.swift; path = ProfileViewController.swift; sourceTree = "<group>"; };
		CA00AC5D22D1DE82005ECFFE /* Base */ = {isa = PBXFileReference; lastKnownFileType = file.storyboard; name = Base; path = Base.lproj/Main.storyboard; sourceTree = "<group>"; };
		CA00AC5F22D1DE83005ECFFE /* Assets.xcassets */ = {isa = PBXFileReference; lastKnownFileType = folder.assetcatalog; path = Assets.xcassets; sourceTree = "<group>"; };
		CA00AC6122D1DE84005ECFFE /* Info.plist */ = {isa = PBXFileReference; lastKnownFileType = text.plist.xml; path = Info.plist; sourceTree = "<group>"; };
		CA00AC6822D1DEAE005ECFFE /* LoginViewController.swift */ = {isa = PBXFileReference; fileEncoding = 4; lastKnownFileType = sourcecode.swift; path = LoginViewController.swift; sourceTree = "<group>"; };
		CA00ACA722D24475005ECFFE /* Alamofire.xcodeproj */ = {isa = PBXFileReference; lastKnownFileType = "wrapper.pb-project"; name = Alamofire.xcodeproj; path = Alamofire/Alamofire.xcodeproj; sourceTree = "<group>"; };
		CA00ACC522D25D0B005ECFFE /* CookieManager.swift */ = {isa = PBXFileReference; lastKnownFileType = sourcecode.swift; path = CookieManager.swift; sourceTree = "<group>"; };
		CA00ACD222D2F0B7005ECFFE /* RootViewNavigator.swift */ = {isa = PBXFileReference; lastKnownFileType = sourcecode.swift; path = RootViewNavigator.swift; sourceTree = "<group>"; };
		CA05132222D933BA008B4B48 /* CellDateComposer.swift */ = {isa = PBXFileReference; fileEncoding = 4; lastKnownFileType = sourcecode.swift; path = CellDateComposer.swift; sourceTree = "<group>"; };
		CA05132522D933E8008B4B48 /* CellDataItem.swift */ = {isa = PBXFileReference; fileEncoding = 4; lastKnownFileType = sourcecode.swift; path = CellDataItem.swift; sourceTree = "<group>"; };
		CA4C66CA2507A62C0049B522 /* Metal.framework */ = {isa = PBXFileReference; lastKnownFileType = wrapper.framework; name = Metal.framework; path = System/Library/Frameworks/Metal.framework; sourceTree = SDKROOT; };
		CA4C66E12507A64D0049B522 /* CoreServices.framework */ = {isa = PBXFileReference; lastKnownFileType = wrapper.framework; name = CoreServices.framework; path = System/Library/Frameworks/CoreServices.framework; sourceTree = SDKROOT; };
		CA4C66EB250859290049B522 /* Utilities.swift */ = {isa = PBXFileReference; lastKnownFileType = sourcecode.swift; path = Utilities.swift; sourceTree = "<group>"; };
		CA4C67022509ADCC0049B522 /* HistoryCollectionViewController.swift */ = {isa = PBXFileReference; lastKnownFileType = sourcecode.swift; path = HistoryCollectionViewController.swift; sourceTree = "<group>"; };
		CA705E3C22DAD84500615664 /* AudioToolbox.framework */ = {isa = PBXFileReference; lastKnownFileType = wrapper.framework; name = AudioToolbox.framework; path = System/Library/Frameworks/AudioToolbox.framework; sourceTree = SDKROOT; };
		CA705E3E22DAD84F00615664 /* AVFoundation.framework */ = {isa = PBXFileReference; lastKnownFileType = wrapper.framework; name = AVFoundation.framework; path = System/Library/Frameworks/AVFoundation.framework; sourceTree = SDKROOT; };
		CA705E4022DAD85E00615664 /* CoreGraphics.framework */ = {isa = PBXFileReference; lastKnownFileType = wrapper.framework; name = CoreGraphics.framework; path = System/Library/Frameworks/CoreGraphics.framework; sourceTree = SDKROOT; };
		CA705E4222DAD86700615664 /* CoreMedia.framework */ = {isa = PBXFileReference; lastKnownFileType = wrapper.framework; name = CoreMedia.framework; path = System/Library/Frameworks/CoreMedia.framework; sourceTree = SDKROOT; };
		CA705E4422DAD86F00615664 /* CoreVideo.framework */ = {isa = PBXFileReference; lastKnownFileType = wrapper.framework; name = CoreVideo.framework; path = System/Library/Frameworks/CoreVideo.framework; sourceTree = SDKROOT; };
		CA705E4622DAD87B00615664 /* libbz2.tbd */ = {isa = PBXFileReference; lastKnownFileType = "sourcecode.text-based-dylib-definition"; name = libbz2.tbd; path = usr/lib/libbz2.tbd; sourceTree = SDKROOT; };
		CA705E4822DAD89900615664 /* libz.tbd */ = {isa = PBXFileReference; lastKnownFileType = "sourcecode.text-based-dylib-definition"; name = libz.tbd; path = usr/lib/libz.tbd; sourceTree = SDKROOT; };
		CA705E4A22DAD8A300615664 /* MediaPlayer.framework */ = {isa = PBXFileReference; lastKnownFileType = wrapper.framework; name = MediaPlayer.framework; path = System/Library/Frameworks/MediaPlayer.framework; sourceTree = SDKROOT; };
		CA705E5022DAD8C400615664 /* UIKit.framework */ = {isa = PBXFileReference; lastKnownFileType = wrapper.framework; name = UIKit.framework; path = System/Library/Frameworks/UIKit.framework; sourceTree = SDKROOT; };
		CA705E5222DAD8CB00615664 /* QuartzCore.framework */ = {isa = PBXFileReference; lastKnownFileType = wrapper.framework; name = QuartzCore.framework; path = System/Library/Frameworks/QuartzCore.framework; sourceTree = SDKROOT; };
		CA705E5422DAD8D200615664 /* VideoToolbox.framework */ = {isa = PBXFileReference; lastKnownFileType = wrapper.framework; name = VideoToolbox.framework; path = System/Library/Frameworks/VideoToolbox.framework; sourceTree = SDKROOT; };
		CA705E5622DADA1200615664 /* VideoPlayViewController.swift */ = {isa = PBXFileReference; lastKnownFileType = sourcecode.swift; path = VideoPlayViewController.swift; sourceTree = "<group>"; };
		CA73155C22D33E100046A75B /* CollectionViewCell.swift */ = {isa = PBXFileReference; lastKnownFileType = sourcecode.swift; path = CollectionViewCell.swift; sourceTree = "<group>"; };
		CA73156022D3420D0046A75B /* SubscriptionsCollectionViewController.swift */ = {isa = PBXFileReference; lastKnownFileType = sourcecode.swift; path = SubscriptionsCollectionViewController.swift; sourceTree = "<group>"; };
		CA73156222D352000046A75B /* SwiftyJSON.xcodeproj */ = {isa = PBXFileReference; lastKnownFileType = "wrapper.pb-project"; name = SwiftyJSON.xcodeproj; path = SwiftyJSON/SwiftyJSON.xcodeproj; sourceTree = "<group>"; };
		CA73157B22D352270046A75B /* zh-Hans */ = {isa = PBXFileReference; lastKnownFileType = text.plist.strings; name = "zh-Hans"; path = "zh-Hans.lproj/Main.strings"; sourceTree = "<group>"; };
		CA8A12A622DB89AB00D344C9 /* Alibili-Bridging-Header.h */ = {isa = PBXFileReference; lastKnownFileType = sourcecode.c.h; path = "Alibili-Bridging-Header.h"; sourceTree = "<group>"; };
		CA8A12A722DB89AC00D344C9 /* VLCAli.m */ = {isa = PBXFileReference; lastKnownFileType = sourcecode.c.objc; path = VLCAli.m; sourceTree = "<group>"; };
		CA8A12A922DB9AAD00D344C9 /* Podfile */ = {isa = PBXFileReference; fileEncoding = 4; lastKnownFileType = text; path = Podfile; sourceTree = "<group>"; xcLanguageSpecificationIdentifier = xcode.lang.ruby; };
		CA8A12AA22DB9AAD00D344C9 /* README.md */ = {isa = PBXFileReference; fileEncoding = 4; lastKnownFileType = net.daringfireball.markdown; path = README.md; sourceTree = "<group>"; };
		CA8A12B122DC00FF00D344C9 /* MenuTableViewController.swift */ = {isa = PBXFileReference; lastKnownFileType = sourcecode.swift; path = MenuTableViewController.swift; sourceTree = "<group>"; };
		CAF4F2D022E330BC00CCE549 /* BarrageRenderer.xcodeproj */ = {isa = PBXFileReference; lastKnownFileType = "wrapper.pb-project"; name = BarrageRenderer.xcodeproj; path = BarrageRenderer/BarrageRenderer.xcodeproj; sourceTree = "<group>"; };
		CAF4F2ED22E349D000CCE549 /* DanmuData.swift */ = {isa = PBXFileReference; lastKnownFileType = sourcecode.swift; path = DanmuData.swift; sourceTree = "<group>"; };
		CAF4F31C22E356FB00CCE549 /* SWXMLHash.xcodeproj */ = {isa = PBXFileReference; lastKnownFileType = "wrapper.pb-project"; name = SWXMLHash.xcodeproj; path = SWXMLHash/SWXMLHash.xcodeproj; sourceTree = "<group>"; };
/* End PBXFileReference section */

/* Begin PBXFrameworksBuildPhase section */
		CA00AC5222D1DE82005ECFFE /* Frameworks */ = {
			isa = PBXFrameworksBuildPhase;
			buildActionMask = 2147483647;
			files = (
				CAF4F2E522E330CA00CCE549 /* BarrageRenderer.framework in Frameworks */,
				CA705E5522DAD8D200615664 /* VideoToolbox.framework in Frameworks */,
				CA705E5322DAD8CB00615664 /* QuartzCore.framework in Frameworks */,
				CA705E5122DAD8C400615664 /* UIKit.framework in Frameworks */,
				CA705E4B22DAD8A300615664 /* MediaPlayer.framework in Frameworks */,
				CA705E4922DAD89900615664 /* libz.tbd in Frameworks */,
				CAF4F34322E3572B00CCE549 /* SWXMLHash.framework in Frameworks */,
				CA705E4722DAD87B00615664 /* libbz2.tbd in Frameworks */,
				CA705E4522DAD86F00615664 /* CoreVideo.framework in Frameworks */,
				CA4C66E02507A62C0049B522 /* Metal.framework in Frameworks */,
				CA705E4322DAD86700615664 /* CoreMedia.framework in Frameworks */,
				CA4C66E22507A64D0049B522 /* CoreServices.framework in Frameworks */,
				CA705E4122DAD85E00615664 /* CoreGraphics.framework in Frameworks */,
				CA705E3F22DAD84F00615664 /* AVFoundation.framework in Frameworks */,
				CA705E3D22DAD84500615664 /* AudioToolbox.framework in Frameworks */,
				CA00ACC022D2455E005ECFFE /* Alamofire.framework in Frameworks */,
			);
			runOnlyForDeploymentPostprocessing = 0;
		};
/* End PBXFrameworksBuildPhase section */

/* Begin PBXGroup section */
		157CC37D2AC1737FE57F62AA /* Pods */ = {
			isa = PBXGroup;
			children = (
				474C04E9756AA8FCF51807E3 /* Pods-Alibili.debug.xcconfig */,
				B728F5A8F14ACA0403CA8951 /* Pods-Alibili.release.xcconfig */,
			);
			path = Pods;
			sourceTree = "<group>";
		};
		CA00AC4C22D1DE82005ECFFE = {
			isa = PBXGroup;
			children = (
				CAF4F31C22E356FB00CCE549 /* SWXMLHash.xcodeproj */,
				CAF4F2D022E330BC00CCE549 /* BarrageRenderer.xcodeproj */,
				CA8A12A922DB9AAD00D344C9 /* Podfile */,
				CA8A12AA22DB9AAD00D344C9 /* README.md */,
				CA73156222D352000046A75B /* SwiftyJSON.xcodeproj */,
				CA00ACA722D24475005ECFFE /* Alamofire.xcodeproj */,
				CA00AC5722D1DE82005ECFFE /* Alibili */,
				CA00AC5622D1DE82005ECFFE /* Products */,
				CA705E3B22DAD84500615664 /* Frameworks */,
				157CC37D2AC1737FE57F62AA /* Pods */,
			);
			sourceTree = "<group>";
		};
		CA00AC5622D1DE82005ECFFE /* Products */ = {
			isa = PBXGroup;
			children = (
				CA00AC5522D1DE82005ECFFE /* Alibili.app */,
			);
			name = Products;
			sourceTree = "<group>";
		};
		CA00AC5722D1DE82005ECFFE /* Alibili */ = {
			isa = PBXGroup;
			children = (
				CA05132522D933E8008B4B48 /* CellDataItem.swift */,
				CA05132222D933BA008B4B48 /* CellDateComposer.swift */,
				CA00AC6822D1DEAE005ECFFE /* LoginViewController.swift */,
				CA00AC5822D1DE82005ECFFE /* AppDelegate.swift */,
				CA00AC5A22D1DE82005ECFFE /* ProfileViewController.swift */,
				CA00AC5C22D1DE82005ECFFE /* Main.storyboard */,
				CA00AC5F22D1DE83005ECFFE /* Assets.xcassets */,
				CA00AC6122D1DE84005ECFFE /* Info.plist */,
				CA00ACC522D25D0B005ECFFE /* CookieManager.swift */,
				CA00ACD222D2F0B7005ECFFE /* RootViewNavigator.swift */,
				CA73155C22D33E100046A75B /* CollectionViewCell.swift */,
				CA73156022D3420D0046A75B /* SubscriptionsCollectionViewController.swift */,
				CA4C67022509ADCC0049B522 /* HistoryCollectionViewController.swift */,
				CA705E5622DADA1200615664 /* VideoPlayViewController.swift */,
				CA8A12A722DB89AC00D344C9 /* VLCAli.m */,
				CA8A12A622DB89AB00D344C9 /* Alibili-Bridging-Header.h */,
				CA8A12B122DC00FF00D344C9 /* MenuTableViewController.swift */,
				CAF4F2ED22E349D000CCE549 /* DanmuData.swift */,
				CA4C66EB250859290049B522 /* Utilities.swift */,
			);
			path = Alibili;
			sourceTree = "<group>";
		};
		CA00ACA822D24475005ECFFE /* Products */ = {
			isa = PBXGroup;
			children = (
				CA00ACB322D24475005ECFFE /* Alamofire.framework */,
				CA00ACB522D24475005ECFFE /* Alamofire iOS Tests.xctest */,
				CA00ACB722D24475005ECFFE /* Alamofire.framework */,
				CA00ACB922D24475005ECFFE /* Alamofire macOS Tests.xctest */,
				CA00ACBB22D24475005ECFFE /* Alamofire.framework */,
				CA00ACBD22D24475005ECFFE /* Alamofire tvOS Tests.xctest */,
				CA00ACBF22D24475005ECFFE /* Alamofire.framework */,
			);
			name = Products;
			sourceTree = "<group>";
		};
		CA705E3B22DAD84500615664 /* Frameworks */ = {
			isa = PBXGroup;
			children = (
				CA4C66E12507A64D0049B522 /* CoreServices.framework */,
				CA4C66CA2507A62C0049B522 /* Metal.framework */,
				CA705E5422DAD8D200615664 /* VideoToolbox.framework */,
				CA705E5222DAD8CB00615664 /* QuartzCore.framework */,
				CA705E5022DAD8C400615664 /* UIKit.framework */,
				CA705E4A22DAD8A300615664 /* MediaPlayer.framework */,
				CA705E4822DAD89900615664 /* libz.tbd */,
				CA705E4622DAD87B00615664 /* libbz2.tbd */,
				CA705E4422DAD86F00615664 /* CoreVideo.framework */,
				CA705E4222DAD86700615664 /* CoreMedia.framework */,
				CA705E4022DAD85E00615664 /* CoreGraphics.framework */,
				CA705E3E22DAD84F00615664 /* AVFoundation.framework */,
				CA705E3C22DAD84500615664 /* AudioToolbox.framework */,
			);
			name = Frameworks;
			sourceTree = "<group>";
		};
		CA73156322D352000046A75B /* Products */ = {
			isa = PBXGroup;
			children = (
				CA73156E22D352000046A75B /* SwiftyJSON.framework */,
				CA73157022D352000046A75B /* SwiftyJSON iOS Tests.xctest */,
				CA73157222D352000046A75B /* SwiftyJSON.framework */,
				CA73157422D352000046A75B /* SwiftyJSON macOS Tests.xctest */,
				CA73157622D352000046A75B /* SwiftyJSON.framework */,
				CA73157822D352000046A75B /* SwiftyJSON.framework */,
				CA73157A22D352000046A75B /* SwiftyJSON tvOS Tests.xctest */,
			);
			name = Products;
			sourceTree = "<group>";
		};
		CAF4F2D122E330BC00CCE549 /* Products */ = {
			isa = PBXGroup;
			children = (
				CAF4F2DC22E330BC00CCE549 /* BarrageRenderer.framework */,
			);
			name = Products;
			sourceTree = "<group>";
		};
		CAF4F31D22E356FB00CCE549 /* Products */ = {
			isa = PBXGroup;
			children = (
				CAF4F33622E356FB00CCE549 /* SWXMLHash.framework */,
				CAF4F33822E356FB00CCE549 /* SWXMLHash iOS Tests.xctest */,
				CAF4F33A22E356FB00CCE549 /* SWXMLHash.framework */,
				CAF4F33C22E356FB00CCE549 /* SWXMLHash OSX Tests.xctest */,
				CAF4F33E22E356FB00CCE549 /* SWXMLHash.framework */,
				CAF4F34022E356FB00CCE549 /* SWXMLHash tvOS Tests.xctest */,
				CAF4F34222E356FB00CCE549 /* SWXMLHash.framework */,
			);
			name = Products;
			sourceTree = "<group>";
		};
/* End PBXGroup section */

/* Begin PBXNativeTarget section */
		CA00AC5422D1DE82005ECFFE /* Alibili */ = {
			isa = PBXNativeTarget;
			buildConfigurationList = CA00AC6422D1DE84005ECFFE /* Build configuration list for PBXNativeTarget "Alibili" */;
			buildPhases = (
				33E924B8FC28509F382516E3 /* [CP] Check Pods Manifest.lock */,
				CA00AC5122D1DE82005ECFFE /* Sources */,
				CA00AC5222D1DE82005ECFFE /* Frameworks */,
				CA00AC5322D1DE82005ECFFE /* Resources */,
				CA00ACC422D2455E005ECFFE /* Embed Frameworks */,
			);
			buildRules = (
			);
			dependencies = (
				CA00ACC322D2455E005ECFFE /* PBXTargetDependency */,
				CAF4F2E822E330CA00CCE549 /* PBXTargetDependency */,
				CAF4F34622E3572B00CCE549 /* PBXTargetDependency */,
			);
			name = Alibili;
			productName = Alibili;
			productReference = CA00AC5522D1DE82005ECFFE /* Alibili.app */;
			productType = "com.apple.product-type.application";
		};
/* End PBXNativeTarget section */

/* Begin PBXProject section */
		CA00AC4D22D1DE82005ECFFE /* Project object */ = {
			isa = PBXProject;
			attributes = {
				LastSwiftUpdateCheck = 1020;
				LastUpgradeCheck = 1020;
				ORGANIZATIONNAME = "Xiaonan Zhang";
				TargetAttributes = {
					CA00AC5422D1DE82005ECFFE = {
						CreatedOnToolsVersion = 10.2.1;
						LastSwiftMigration = 1020;
					};
				};
			};
			buildConfigurationList = CA00AC5022D1DE82005ECFFE /* Build configuration list for PBXProject "Alibili" */;
			compatibilityVersion = "Xcode 11.4";
			developmentRegion = en;
			hasScannedForEncodings = 0;
			knownRegions = (
				en,
				Base,
				"zh-Hans",
			);
			mainGroup = CA00AC4C22D1DE82005ECFFE;
			productRefGroup = CA00AC5622D1DE82005ECFFE /* Products */;
			projectDirPath = "";
			projectReferences = (
				{
					ProductGroup = CA00ACA822D24475005ECFFE /* Products */;
					ProjectRef = CA00ACA722D24475005ECFFE /* Alamofire.xcodeproj */;
				},
				{
					ProductGroup = CAF4F2D122E330BC00CCE549 /* Products */;
					ProjectRef = CAF4F2D022E330BC00CCE549 /* BarrageRenderer.xcodeproj */;
				},
				{
					ProductGroup = CA73156322D352000046A75B /* Products */;
					ProjectRef = CA73156222D352000046A75B /* SwiftyJSON.xcodeproj */;
				},
				{
					ProductGroup = CAF4F31D22E356FB00CCE549 /* Products */;
					ProjectRef = CAF4F31C22E356FB00CCE549 /* SWXMLHash.xcodeproj */;
				},
			);
			projectRoot = "";
			targets = (
				CA00AC5422D1DE82005ECFFE /* Alibili */,
			);
		};
/* End PBXProject section */

/* Begin PBXReferenceProxy section */
		CA00ACB322D24475005ECFFE /* Alamofire.framework */ = {
			isa = PBXReferenceProxy;
			fileType = wrapper.framework;
			path = Alamofire.framework;
			remoteRef = CA00ACB222D24475005ECFFE /* PBXContainerItemProxy */;
			sourceTree = BUILT_PRODUCTS_DIR;
		};
		CA00ACB522D24475005ECFFE /* Alamofire iOS Tests.xctest */ = {
			isa = PBXReferenceProxy;
			fileType = wrapper.cfbundle;
			path = "Alamofire iOS Tests.xctest";
			remoteRef = CA00ACB422D24475005ECFFE /* PBXContainerItemProxy */;
			sourceTree = BUILT_PRODUCTS_DIR;
		};
		CA00ACB722D24475005ECFFE /* Alamofire.framework */ = {
			isa = PBXReferenceProxy;
			fileType = wrapper.framework;
			path = Alamofire.framework;
			remoteRef = CA00ACB622D24475005ECFFE /* PBXContainerItemProxy */;
			sourceTree = BUILT_PRODUCTS_DIR;
		};
		CA00ACB922D24475005ECFFE /* Alamofire macOS Tests.xctest */ = {
			isa = PBXReferenceProxy;
			fileType = wrapper.cfbundle;
			path = "Alamofire macOS Tests.xctest";
			remoteRef = CA00ACB822D24475005ECFFE /* PBXContainerItemProxy */;
			sourceTree = BUILT_PRODUCTS_DIR;
		};
		CA00ACBB22D24475005ECFFE /* Alamofire.framework */ = {
			isa = PBXReferenceProxy;
			fileType = wrapper.framework;
			path = Alamofire.framework;
			remoteRef = CA00ACBA22D24475005ECFFE /* PBXContainerItemProxy */;
			sourceTree = BUILT_PRODUCTS_DIR;
		};
		CA00ACBD22D24475005ECFFE /* Alamofire tvOS Tests.xctest */ = {
			isa = PBXReferenceProxy;
			fileType = wrapper.cfbundle;
			path = "Alamofire tvOS Tests.xctest";
			remoteRef = CA00ACBC22D24475005ECFFE /* PBXContainerItemProxy */;
			sourceTree = BUILT_PRODUCTS_DIR;
		};
		CA00ACBF22D24475005ECFFE /* Alamofire.framework */ = {
			isa = PBXReferenceProxy;
			fileType = wrapper.framework;
			path = Alamofire.framework;
			remoteRef = CA00ACBE22D24475005ECFFE /* PBXContainerItemProxy */;
			sourceTree = BUILT_PRODUCTS_DIR;
		};
		CA73156E22D352000046A75B /* SwiftyJSON.framework */ = {
			isa = PBXReferenceProxy;
			fileType = wrapper.framework;
			path = SwiftyJSON.framework;
			remoteRef = CA73156D22D352000046A75B /* PBXContainerItemProxy */;
			sourceTree = BUILT_PRODUCTS_DIR;
		};
		CA73157022D352000046A75B /* SwiftyJSON iOS Tests.xctest */ = {
			isa = PBXReferenceProxy;
			fileType = wrapper.cfbundle;
			path = "SwiftyJSON iOS Tests.xctest";
			remoteRef = CA73156F22D352000046A75B /* PBXContainerItemProxy */;
			sourceTree = BUILT_PRODUCTS_DIR;
		};
		CA73157222D352000046A75B /* SwiftyJSON.framework */ = {
			isa = PBXReferenceProxy;
			fileType = wrapper.framework;
			path = SwiftyJSON.framework;
			remoteRef = CA73157122D352000046A75B /* PBXContainerItemProxy */;
			sourceTree = BUILT_PRODUCTS_DIR;
		};
		CA73157422D352000046A75B /* SwiftyJSON macOS Tests.xctest */ = {
			isa = PBXReferenceProxy;
			fileType = wrapper.cfbundle;
			path = "SwiftyJSON macOS Tests.xctest";
			remoteRef = CA73157322D352000046A75B /* PBXContainerItemProxy */;
			sourceTree = BUILT_PRODUCTS_DIR;
		};
		CA73157622D352000046A75B /* SwiftyJSON.framework */ = {
			isa = PBXReferenceProxy;
			fileType = wrapper.framework;
			path = SwiftyJSON.framework;
			remoteRef = CA73157522D352000046A75B /* PBXContainerItemProxy */;
			sourceTree = BUILT_PRODUCTS_DIR;
		};
		CA73157822D352000046A75B /* SwiftyJSON.framework */ = {
			isa = PBXReferenceProxy;
			fileType = wrapper.framework;
			path = SwiftyJSON.framework;
			remoteRef = CA73157722D352000046A75B /* PBXContainerItemProxy */;
			sourceTree = BUILT_PRODUCTS_DIR;
		};
		CA73157A22D352000046A75B /* SwiftyJSON tvOS Tests.xctest */ = {
			isa = PBXReferenceProxy;
			fileType = wrapper.cfbundle;
			path = "SwiftyJSON tvOS Tests.xctest";
			remoteRef = CA73157922D352000046A75B /* PBXContainerItemProxy */;
			sourceTree = BUILT_PRODUCTS_DIR;
		};
		CAF4F2DC22E330BC00CCE549 /* BarrageRenderer.framework */ = {
			isa = PBXReferenceProxy;
			fileType = wrapper.framework;
			path = BarrageRenderer.framework;
			remoteRef = CAF4F2DB22E330BC00CCE549 /* PBXContainerItemProxy */;
			sourceTree = BUILT_PRODUCTS_DIR;
		};
		CAF4F33622E356FB00CCE549 /* SWXMLHash.framework */ = {
			isa = PBXReferenceProxy;
			fileType = wrapper.framework;
			path = SWXMLHash.framework;
			remoteRef = CAF4F33522E356FB00CCE549 /* PBXContainerItemProxy */;
			sourceTree = BUILT_PRODUCTS_DIR;
		};
		CAF4F33822E356FB00CCE549 /* SWXMLHash iOS Tests.xctest */ = {
			isa = PBXReferenceProxy;
			fileType = wrapper.cfbundle;
			path = "SWXMLHash iOS Tests.xctest";
			remoteRef = CAF4F33722E356FB00CCE549 /* PBXContainerItemProxy */;
			sourceTree = BUILT_PRODUCTS_DIR;
		};
		CAF4F33A22E356FB00CCE549 /* SWXMLHash.framework */ = {
			isa = PBXReferenceProxy;
			fileType = wrapper.framework;
			path = SWXMLHash.framework;
			remoteRef = CAF4F33922E356FB00CCE549 /* PBXContainerItemProxy */;
			sourceTree = BUILT_PRODUCTS_DIR;
		};
		CAF4F33C22E356FB00CCE549 /* SWXMLHash OSX Tests.xctest */ = {
			isa = PBXReferenceProxy;
			fileType = wrapper.cfbundle;
			path = "SWXMLHash OSX Tests.xctest";
			remoteRef = CAF4F33B22E356FB00CCE549 /* PBXContainerItemProxy */;
			sourceTree = BUILT_PRODUCTS_DIR;
		};
		CAF4F33E22E356FB00CCE549 /* SWXMLHash.framework */ = {
			isa = PBXReferenceProxy;
			fileType = wrapper.framework;
			path = SWXMLHash.framework;
			remoteRef = CAF4F33D22E356FB00CCE549 /* PBXContainerItemProxy */;
			sourceTree = BUILT_PRODUCTS_DIR;
		};
		CAF4F34022E356FB00CCE549 /* SWXMLHash tvOS Tests.xctest */ = {
			isa = PBXReferenceProxy;
			fileType = wrapper.cfbundle;
			path = "SWXMLHash tvOS Tests.xctest";
			remoteRef = CAF4F33F22E356FB00CCE549 /* PBXContainerItemProxy */;
			sourceTree = BUILT_PRODUCTS_DIR;
		};
		CAF4F34222E356FB00CCE549 /* SWXMLHash.framework */ = {
			isa = PBXReferenceProxy;
			fileType = wrapper.framework;
			path = SWXMLHash.framework;
			remoteRef = CAF4F34122E356FB00CCE549 /* PBXContainerItemProxy */;
			sourceTree = BUILT_PRODUCTS_DIR;
		};
/* End PBXReferenceProxy section */

/* Begin PBXResourcesBuildPhase section */
		CA00AC5322D1DE82005ECFFE /* Resources */ = {
			isa = PBXResourcesBuildPhase;
			buildActionMask = 2147483647;
			files = (
				CA8A12AB22DB9AAD00D344C9 /* Podfile in Resources */,
				CA00AC6022D1DE83005ECFFE /* Assets.xcassets in Resources */,
				CA8A12AC22DB9AAD00D344C9 /* README.md in Resources */,
				CA00AC5E22D1DE82005ECFFE /* Main.storyboard in Resources */,
			);
			runOnlyForDeploymentPostprocessing = 0;
		};
/* End PBXResourcesBuildPhase section */

/* Begin PBXShellScriptBuildPhase section */
		33E924B8FC28509F382516E3 /* [CP] Check Pods Manifest.lock */ = {
			isa = PBXShellScriptBuildPhase;
			buildActionMask = 2147483647;
			files = (
			);
			inputFileListPaths = (
			);
			inputPaths = (
				"${PODS_PODFILE_DIR_PATH}/Podfile.lock",
				"${PODS_ROOT}/Manifest.lock",
			);
			name = "[CP] Check Pods Manifest.lock";
			outputFileListPaths = (
			);
			outputPaths = (
				"$(DERIVED_FILE_DIR)/Pods-Alibili-checkManifestLockResult.txt",
			);
			runOnlyForDeploymentPostprocessing = 0;
			shellPath = /bin/sh;
			shellScript = "diff \"${PODS_PODFILE_DIR_PATH}/Podfile.lock\" \"${PODS_ROOT}/Manifest.lock\" > /dev/null\nif [ $? != 0 ] ; then\n    # print error to STDERR\n    echo \"error: The sandbox is not in sync with the Podfile.lock. Run 'pod install' or update your CocoaPods installation.\" >&2\n    exit 1\nfi\n# This output is used by Xcode 'outputs' to avoid re-running this script phase.\necho \"SUCCESS\" > \"${SCRIPT_OUTPUT_FILE_0}\"\n";
			showEnvVarsInLog = 0;
		};
/* End PBXShellScriptBuildPhase section */

/* Begin PBXSourcesBuildPhase section */
		CA00AC5122D1DE82005ECFFE /* Sources */ = {
			isa = PBXSourcesBuildPhase;
			buildActionMask = 2147483647;
			files = (
				CA05132622D933E8008B4B48 /* CellDataItem.swift in Sources */,
				CA00ACC622D25D0B005ECFFE /* CookieManager.swift in Sources */,
				CA00AC6B22D1DEAF005ECFFE /* LoginViewController.swift in Sources */,
				CA4C66EC250859290049B522 /* Utilities.swift in Sources */,
				CAF4F2EE22E349D000CCE549 /* DanmuData.swift in Sources */,
				CA00AC5B22D1DE82005ECFFE /* ProfileViewController.swift in Sources */,
				CA00AC5922D1DE82005ECFFE /* AppDelegate.swift in Sources */,
				CA73156122D3420D0046A75B /* SubscriptionsCollectionViewController.swift in Sources */,
				CA705E5722DADA1200615664 /* VideoPlayViewController.swift in Sources */,
				CA8A12A822DB89AC00D344C9 /* VLCAli.m in Sources */,
				CA8A12B222DC00FF00D344C9 /* MenuTableViewController.swift in Sources */,
				CA4C67032509ADCC0049B522 /* HistoryCollectionViewController.swift in Sources */,
				CA05132422D933BA008B4B48 /* CellDateComposer.swift in Sources */,
				CA73155D22D33E100046A75B /* CollectionViewCell.swift in Sources */,
				CA00ACD322D2F0B7005ECFFE /* RootViewNavigator.swift in Sources */,
			);
			runOnlyForDeploymentPostprocessing = 0;
		};
/* End PBXSourcesBuildPhase section */

/* Begin PBXTargetDependency section */
		CA00ACC322D2455E005ECFFE /* PBXTargetDependency */ = {
			isa = PBXTargetDependency;
			name = "Alamofire tvOS";
			targetProxy = CA00ACC222D2455E005ECFFE /* PBXContainerItemProxy */;
		};
		CAF4F2E822E330CA00CCE549 /* PBXTargetDependency */ = {
			isa = PBXTargetDependency;
			name = BarrageRenderer;
			targetProxy = CAF4F2E722E330CA00CCE549 /* PBXContainerItemProxy */;
		};
		CAF4F34622E3572B00CCE549 /* PBXTargetDependency */ = {
			isa = PBXTargetDependency;
			name = "SWXMLHash tvOS";
			targetProxy = CAF4F34522E3572B00CCE549 /* PBXContainerItemProxy */;
		};
/* End PBXTargetDependency section */

/* Begin PBXVariantGroup section */
		CA00AC5C22D1DE82005ECFFE /* Main.storyboard */ = {
			isa = PBXVariantGroup;
			children = (
				CA00AC5D22D1DE82005ECFFE /* Base */,
				CA73157B22D352270046A75B /* zh-Hans */,
			);
			name = Main.storyboard;
			sourceTree = "<group>";
		};
/* End PBXVariantGroup section */

/* Begin XCBuildConfiguration section */
		CA00AC6222D1DE84005ECFFE /* Debug */ = {
			isa = XCBuildConfiguration;
			buildSettings = {
				ALWAYS_EMBED_SWIFT_STANDARD_LIBRARIES = NO;
				ALWAYS_SEARCH_USER_PATHS = NO;
				CLANG_ANALYZER_LOCALIZABILITY_NONLOCALIZED = YES;
				CLANG_ANALYZER_NONNULL = YES;
				CLANG_ANALYZER_NUMBER_OBJECT_CONVERSION = YES_AGGRESSIVE;
				CLANG_CXX_LANGUAGE_STANDARD = "gnu++14";
				CLANG_CXX_LIBRARY = "libc++";
				CLANG_ENABLE_MODULES = YES;
				CLANG_ENABLE_OBJC_ARC = YES;
				CLANG_ENABLE_OBJC_WEAK = YES;
				CLANG_WARN_BLOCK_CAPTURE_AUTORELEASING = YES;
				CLANG_WARN_BOOL_CONVERSION = YES;
				CLANG_WARN_COMMA = YES;
				CLANG_WARN_CONSTANT_CONVERSION = YES;
				CLANG_WARN_DEPRECATED_OBJC_IMPLEMENTATIONS = YES;
				CLANG_WARN_DIRECT_OBJC_ISA_USAGE = YES_ERROR;
				CLANG_WARN_DOCUMENTATION_COMMENTS = YES;
				CLANG_WARN_EMPTY_BODY = YES;
				CLANG_WARN_ENUM_CONVERSION = YES;
				CLANG_WARN_INFINITE_RECURSION = YES;
				CLANG_WARN_INT_CONVERSION = YES;
				CLANG_WARN_NON_LITERAL_NULL_CONVERSION = YES;
				CLANG_WARN_OBJC_IMPLICIT_RETAIN_SELF = YES;
				CLANG_WARN_OBJC_LITERAL_CONVERSION = YES;
				CLANG_WARN_OBJC_ROOT_CLASS = YES_ERROR;
				CLANG_WARN_RANGE_LOOP_ANALYSIS = YES;
				CLANG_WARN_STRICT_PROTOTYPES = YES;
				CLANG_WARN_SUSPICIOUS_MOVE = YES;
				CLANG_WARN_UNGUARDED_AVAILABILITY = YES_AGGRESSIVE;
				CLANG_WARN_UNREACHABLE_CODE = YES;
				CLANG_WARN__DUPLICATE_METHOD_MATCH = YES;
				COPY_PHASE_STRIP = NO;
				DEBUG_INFORMATION_FORMAT = dwarf;
				ENABLE_STRICT_OBJC_MSGSEND = YES;
				ENABLE_TESTABILITY = YES;
				GCC_C_LANGUAGE_STANDARD = gnu11;
				GCC_DYNAMIC_NO_PIC = NO;
				GCC_NO_COMMON_BLOCKS = YES;
				GCC_OPTIMIZATION_LEVEL = 0;
				GCC_PREPROCESSOR_DEFINITIONS = (
					"DEBUG=1",
					"$(inherited)",
				);
				GCC_WARN_64_TO_32_BIT_CONVERSION = YES;
				GCC_WARN_ABOUT_RETURN_TYPE = YES_ERROR;
				GCC_WARN_UNDECLARED_SELECTOR = YES;
				GCC_WARN_UNINITIALIZED_AUTOS = YES_AGGRESSIVE;
				GCC_WARN_UNUSED_FUNCTION = YES;
				GCC_WARN_UNUSED_VARIABLE = YES;
				MTL_ENABLE_DEBUG_INFO = INCLUDE_SOURCE;
				MTL_FAST_MATH = YES;
				ONLY_ACTIVE_ARCH = YES;
				SDKROOT = appletvos;
				SWIFT_ACTIVE_COMPILATION_CONDITIONS = DEBUG;
				SWIFT_OPTIMIZATION_LEVEL = "-Onone";
				TVOS_DEPLOYMENT_TARGET = 12.2;
			};
			name = Debug;
		};
		CA00AC6322D1DE84005ECFFE /* Release */ = {
			isa = XCBuildConfiguration;
			buildSettings = {
				ALWAYS_EMBED_SWIFT_STANDARD_LIBRARIES = NO;
				ALWAYS_SEARCH_USER_PATHS = NO;
				CLANG_ANALYZER_LOCALIZABILITY_NONLOCALIZED = YES;
				CLANG_ANALYZER_NONNULL = YES;
				CLANG_ANALYZER_NUMBER_OBJECT_CONVERSION = YES_AGGRESSIVE;
				CLANG_CXX_LANGUAGE_STANDARD = "gnu++14";
				CLANG_CXX_LIBRARY = "libc++";
				CLANG_ENABLE_MODULES = YES;
				CLANG_ENABLE_OBJC_ARC = YES;
				CLANG_ENABLE_OBJC_WEAK = YES;
				CLANG_WARN_BLOCK_CAPTURE_AUTORELEASING = YES;
				CLANG_WARN_BOOL_CONVERSION = YES;
				CLANG_WARN_COMMA = YES;
				CLANG_WARN_CONSTANT_CONVERSION = YES;
				CLANG_WARN_DEPRECATED_OBJC_IMPLEMENTATIONS = YES;
				CLANG_WARN_DIRECT_OBJC_ISA_USAGE = YES_ERROR;
				CLANG_WARN_DOCUMENTATION_COMMENTS = YES;
				CLANG_WARN_EMPTY_BODY = YES;
				CLANG_WARN_ENUM_CONVERSION = YES;
				CLANG_WARN_INFINITE_RECURSION = YES;
				CLANG_WARN_INT_CONVERSION = YES;
				CLANG_WARN_NON_LITERAL_NULL_CONVERSION = YES;
				CLANG_WARN_OBJC_IMPLICIT_RETAIN_SELF = YES;
				CLANG_WARN_OBJC_LITERAL_CONVERSION = YES;
				CLANG_WARN_OBJC_ROOT_CLASS = YES_ERROR;
				CLANG_WARN_RANGE_LOOP_ANALYSIS = YES;
				CLANG_WARN_STRICT_PROTOTYPES = YES;
				CLANG_WARN_SUSPICIOUS_MOVE = YES;
				CLANG_WARN_UNGUARDED_AVAILABILITY = YES_AGGRESSIVE;
				CLANG_WARN_UNREACHABLE_CODE = YES;
				CLANG_WARN__DUPLICATE_METHOD_MATCH = YES;
				COPY_PHASE_STRIP = NO;
				DEBUG_INFORMATION_FORMAT = "dwarf-with-dsym";
				ENABLE_NS_ASSERTIONS = NO;
				ENABLE_STRICT_OBJC_MSGSEND = YES;
				GCC_C_LANGUAGE_STANDARD = gnu11;
				GCC_NO_COMMON_BLOCKS = YES;
				GCC_WARN_64_TO_32_BIT_CONVERSION = YES;
				GCC_WARN_ABOUT_RETURN_TYPE = YES_ERROR;
				GCC_WARN_UNDECLARED_SELECTOR = YES;
				GCC_WARN_UNINITIALIZED_AUTOS = YES_AGGRESSIVE;
				GCC_WARN_UNUSED_FUNCTION = YES;
				GCC_WARN_UNUSED_VARIABLE = YES;
				MTL_ENABLE_DEBUG_INFO = NO;
				MTL_FAST_MATH = YES;
				SDKROOT = appletvos;
				SWIFT_COMPILATION_MODE = wholemodule;
				SWIFT_OPTIMIZATION_LEVEL = "-O";
				TVOS_DEPLOYMENT_TARGET = 12.2;
				VALIDATE_PRODUCT = YES;
			};
			name = Release;
		};
		CA00AC6522D1DE84005ECFFE /* Debug */ = {
			isa = XCBuildConfiguration;
			baseConfigurationReference = 474C04E9756AA8FCF51807E3 /* Pods-Alibili.debug.xcconfig */;
			buildSettings = {
				ALWAYS_EMBED_SWIFT_STANDARD_LIBRARIES = "$(inherited)";
				ASSETCATALOG_COMPILER_APPICON_NAME = "App Icon & Top Shelf Image";
				CLANG_ENABLE_MODULES = YES;
				CODE_SIGN_STYLE = Automatic;
				DEFINES_MODULE = YES;
				DEVELOPMENT_TEAM = W3WZAUQ74J;
				FRAMEWORK_SEARCH_PATHS = (
					"$(inherited)",
					"$(PROJECT_DIR)",
				);
				HEADER_SEARCH_PATHS = "$(PROJECT_DIR)/BarrageRenderer";
				INFOPLIST_FILE = Alibili/Info.plist;
				LD_RUNPATH_SEARCH_PATHS = (
					"$(inherited)",
					"@executable_path/Frameworks",
				);
				PRODUCT_BUNDLE_IDENTIFIER = com.zephyr1989.Alibili;
				PRODUCT_NAME = "$(TARGET_NAME)";
				SWIFT_OBJC_BRIDGING_HEADER = "Alibili/Alibili-Bridging-Header.h";
				SWIFT_OPTIMIZATION_LEVEL = "-Onone";
				SWIFT_VERSION = 5.0;
				TARGETED_DEVICE_FAMILY = 3;
			};
			name = Debug;
		};
		CA00AC6622D1DE84005ECFFE /* Release */ = {
			isa = XCBuildConfiguration;
			baseConfigurationReference = B728F5A8F14ACA0403CA8951 /* Pods-Alibili.release.xcconfig */;
			buildSettings = {
				ALWAYS_EMBED_SWIFT_STANDARD_LIBRARIES = "$(inherited)";
				ASSETCATALOG_COMPILER_APPICON_NAME = "App Icon & Top Shelf Image";
				CLANG_ENABLE_MODULES = YES;
				CODE_SIGN_STYLE = Automatic;
				DEFINES_MODULE = YES;
				DEVELOPMENT_TEAM = W3WZAUQ74J;
				FRAMEWORK_SEARCH_PATHS = (
					"$(inherited)",
					"$(PROJECT_DIR)",
				);
				HEADER_SEARCH_PATHS = "$(PROJECT_DIR)/BarrageRenderer";
				INFOPLIST_FILE = Alibili/Info.plist;
				LD_RUNPATH_SEARCH_PATHS = (
					"$(inherited)",
					"@executable_path/Frameworks",
				);
				PRODUCT_BUNDLE_IDENTIFIER = com.zephyr1989.Alibili;
				PRODUCT_NAME = "$(TARGET_NAME)";
				SWIFT_OBJC_BRIDGING_HEADER = "Alibili/Alibili-Bridging-Header.h";
				SWIFT_VERSION = 5.0;
				TARGETED_DEVICE_FAMILY = 3;
			};
			name = Release;
		};
/* End XCBuildConfiguration section */

/* Begin XCConfigurationList section */
		CA00AC5022D1DE82005ECFFE /* Build configuration list for PBXProject "Alibili" */ = {
			isa = XCConfigurationList;
			buildConfigurations = (
				CA00AC6222D1DE84005ECFFE /* Debug */,
				CA00AC6322D1DE84005ECFFE /* Release */,
			);
			defaultConfigurationIsVisible = 0;
			defaultConfigurationName = Release;
		};
		CA00AC6422D1DE84005ECFFE /* Build configuration list for PBXNativeTarget "Alibili" */ = {
			isa = XCConfigurationList;
			buildConfigurations = (
				CA00AC6522D1DE84005ECFFE /* Debug */,
				CA00AC6622D1DE84005ECFFE /* Release */,
			);
			defaultConfigurationIsVisible = 0;
			defaultConfigurationName = Release;
		};
/* End XCConfigurationList section */
	};
	rootObject = CA00AC4D22D1DE82005ECFFE /* Project object */;
}
