// !$*UTF8*$!
{
	archiveVersion = 1;
	classes = {
	};
	objectVersion = 50;
	objects = {

/* Begin PBXBuildFile section */
		CA00AC5922D1DE82005ECFFE /* AppDelegate.swift in Sources */ = {isa = PBXBuildFile; fileRef = CA00AC5822D1DE82005ECFFE /* AppDelegate.swift */; };
		CA00AC5B22D1DE82005ECFFE /* ProfileViewController.swift in Sources */ = {isa = PBXBuildFile; fileRef = CA00AC5A22D1DE82005ECFFE /* ProfileViewController.swift */; };
		CA00AC5E22D1DE82005ECFFE /* Main.storyboard in Resources */ = {isa = PBXBuildFile; fileRef = CA00AC5C22D1DE82005ECFFE /* Main.storyboard */; };
		CA00AC6022D1DE83005ECFFE /* Assets.xcassets in Resources */ = {isa = PBXBuildFile; fileRef = CA00AC5F22D1DE83005ECFFE /* Assets.xcassets */; };
		CA00AC6B22D1DEAF005ECFFE /* LoginViewController.swift in Sources */ = {isa = PBXBuildFile; fileRef = CA00AC6822D1DEAE005ECFFE /* LoginViewController.swift */; };
		CA00ACC022D2455E005ECFFE /* Alamofire.framework in Frameworks */ = {isa = PBXBuildFile; fileRef = CA00ACBB22D24475005ECFFE /* Alamofire.framework */; };
		CA00ACC122D2455E005ECFFE /* Alamofire.framework in Embed Frameworks */ = {isa = PBXBuildFile; fileRef = CA00ACBB22D24475005ECFFE /* Alamofire.framework */; settings = {ATTRIBUTES = (CodeSignOnCopy, RemoveHeadersOnCopy, ); }; };
		CA00ACC622D25D0B005ECFFE /* CookieManager.swift in Sources */ = {isa = PBXBuildFile; fileRef = CA00ACC522D25D0B005ECFFE /* CookieManager.swift */; };
		CA00ACD322D2F0B7005ECFFE /* RootViewNavigator.swift in Sources */ = {isa = PBXBuildFile; fileRef = CA00ACD222D2F0B7005ECFFE /* RootViewNavigator.swift */; };
		CA05132422D933BA008B4B48 /* DataItemCellComposer.swift in Sources */ = {isa = PBXBuildFile; fileRef = CA05132222D933BA008B4B48 /* DataItemCellComposer.swift */; };
		CA05132622D933E8008B4B48 /* DataItem.swift in Sources */ = {isa = PBXBuildFile; fileRef = CA05132522D933E8008B4B48 /* DataItem.swift */; };
		CA73155D22D33E100046A75B /* SubscriptionsCollectionViewCell.swift in Sources */ = {isa = PBXBuildFile; fileRef = CA73155C22D33E100046A75B /* SubscriptionsCollectionViewCell.swift */; };
		CA73156122D3420D0046A75B /* SubscriptionsCollectionViewController.swift in Sources */ = {isa = PBXBuildFile; fileRef = CA73156022D3420D0046A75B /* SubscriptionsCollectionViewController.swift */; };
		CA73157D22D352640046A75B /* SwiftyJSON.framework in Embed Frameworks */ = {isa = PBXBuildFile; fileRef = CA73157822D352000046A75B /* SwiftyJSON.framework */; settings = {ATTRIBUTES = (CodeSignOnCopy, RemoveHeadersOnCopy, ); }; };
/* End PBXBuildFile section */

/* Begin PBXContainerItemProxy section */
		CA00ACB222D24475005ECFFE /* PBXContainerItemProxy */ = {
			isa = PBXContainerItemProxy;
			containerPortal = CA00ACA722D24475005ECFFE /* Alamofire.xcodeproj */;
			proxyType = 2;
			remoteGlobalIDString = F8111E3319A95C8B0040E7D1;
			remoteInfo = "Alamofire iOS";
		};
		CA00ACB422D24475005ECFFE /* PBXContainerItemProxy */ = {
			isa = PBXContainerItemProxy;
			containerPortal = CA00ACA722D24475005ECFFE /* Alamofire.xcodeproj */;
			proxyType = 2;
			remoteGlobalIDString = F8111E3E19A95C8B0040E7D1;
			remoteInfo = "Alamofire iOS Tests";
		};
		CA00ACB622D24475005ECFFE /* PBXContainerItemProxy */ = {
			isa = PBXContainerItemProxy;
			containerPortal = CA00ACA722D24475005ECFFE /* Alamofire.xcodeproj */;
			proxyType = 2;
			remoteGlobalIDString = 4DD67C0B1A5C55C900ED2280;
			remoteInfo = "Alamofire macOS";
		};
		CA00ACB822D24475005ECFFE /* PBXContainerItemProxy */ = {
			isa = PBXContainerItemProxy;
			containerPortal = CA00ACA722D24475005ECFFE /* Alamofire.xcodeproj */;
			proxyType = 2;
			remoteGlobalIDString = F829C6B21A7A94F100A2CD59;
			remoteInfo = "Alamofire macOS Tests";
		};
		CA00ACBA22D24475005ECFFE /* PBXContainerItemProxy */ = {
			isa = PBXContainerItemProxy;
			containerPortal = CA00ACA722D24475005ECFFE /* Alamofire.xcodeproj */;
			proxyType = 2;
			remoteGlobalIDString = 4CF626EF1BA7CB3E0011A099;
			remoteInfo = "Alamofire tvOS";
		};
		CA00ACBC22D24475005ECFFE /* PBXContainerItemProxy */ = {
			isa = PBXContainerItemProxy;
			containerPortal = CA00ACA722D24475005ECFFE /* Alamofire.xcodeproj */;
			proxyType = 2;
			remoteGlobalIDString = 4CF626F81BA7CB3E0011A099;
			remoteInfo = "Alamofire tvOS Tests";
		};
		CA00ACBE22D24475005ECFFE /* PBXContainerItemProxy */ = {
			isa = PBXContainerItemProxy;
			containerPortal = CA00ACA722D24475005ECFFE /* Alamofire.xcodeproj */;
			proxyType = 2;
			remoteGlobalIDString = E4202FE01B667AA100C997FB;
			remoteInfo = "Alamofire watchOS";
		};
		CA00ACC222D2455E005ECFFE /* PBXContainerItemProxy */ = {
			isa = PBXContainerItemProxy;
			containerPortal = CA00ACA722D24475005ECFFE /* Alamofire.xcodeproj */;
			proxyType = 1;
			remoteGlobalIDString = 4CF626EE1BA7CB3E0011A099;
			remoteInfo = "Alamofire tvOS";
		};
		CA73156D22D352000046A75B /* PBXContainerItemProxy */ = {
			isa = PBXContainerItemProxy;
			containerPortal = CA73156222D352000046A75B /* SwiftyJSON.xcodeproj */;
			proxyType = 2;
			remoteGlobalIDString = 2E4FEFDB19575BE100351305;
			remoteInfo = "SwiftyJSON iOS";
		};
		CA73156F22D352000046A75B /* PBXContainerItemProxy */ = {
			isa = PBXContainerItemProxy;
			containerPortal = CA73156222D352000046A75B /* SwiftyJSON.xcodeproj */;
			proxyType = 2;
			remoteGlobalIDString = 2E4FEFE619575BE100351305;
			remoteInfo = "SwiftyJSON iOS Tests";
		};
		CA73157122D352000046A75B /* PBXContainerItemProxy */ = {
			isa = PBXContainerItemProxy;
			containerPortal = CA73156222D352000046A75B /* SwiftyJSON.xcodeproj */;
			proxyType = 2;
			remoteGlobalIDString = 9C7DFC5B1A9102BD005AA3F7;
			remoteInfo = "SwiftyJSON macOS";
		};
		CA73157322D352000046A75B /* PBXContainerItemProxy */ = {
			isa = PBXContainerItemProxy;
			containerPortal = CA73156222D352000046A75B /* SwiftyJSON.xcodeproj */;
			proxyType = 2;
			remoteGlobalIDString = 9C7DFC651A9102BD005AA3F7;
			remoteInfo = "SwiftyJSON macOS Tests";
		};
		CA73157522D352000046A75B /* PBXContainerItemProxy */ = {
			isa = PBXContainerItemProxy;
			containerPortal = CA73156222D352000046A75B /* SwiftyJSON.xcodeproj */;
			proxyType = 2;
			remoteGlobalIDString = E4D7CCE81B9465A700EE7221;
			remoteInfo = "SwiftyJSON watchOS";
		};
		CA73157722D352000046A75B /* PBXContainerItemProxy */ = {
			isa = PBXContainerItemProxy;
			containerPortal = CA73156222D352000046A75B /* SwiftyJSON.xcodeproj */;
			proxyType = 2;
			remoteGlobalIDString = 7236B4F61BAC14150020529B;
			remoteInfo = "SwiftyJSON tvOS";
		};
		CA73157922D352000046A75B /* PBXContainerItemProxy */ = {
			isa = PBXContainerItemProxy;
			containerPortal = CA73156222D352000046A75B /* SwiftyJSON.xcodeproj */;
			proxyType = 2;
			remoteGlobalIDString = A8580F741BCF5C5B00DA927B;
			remoteInfo = "SwiftyJSON tvOS Tests";
		};
/* End PBXContainerItemProxy section */

/* Begin PBXCopyFilesBuildPhase section */
		CA00ACC422D2455E005ECFFE /* Embed Frameworks */ = {
			isa = PBXCopyFilesBuildPhase;
			buildActionMask = 2147483647;
			dstPath = "";
			dstSubfolderSpec = 10;
			files = (
				CA73157D22D352640046A75B /* SwiftyJSON.framework in Embed Frameworks */,
				CA00ACC122D2455E005ECFFE /* Alamofire.framework in Embed Frameworks */,
			);
			name = "Embed Frameworks";
			runOnlyForDeploymentPostprocessing = 0;
		};
/* End PBXCopyFilesBuildPhase section */

/* Begin PBXFileReference section */
		CA00AC5522D1DE82005ECFFE /* Alibili.app */ = {isa = PBXFileReference; explicitFileType = wrapper.application; includeInIndex = 0; path = Alibili.app; sourceTree = BUILT_PRODUCTS_DIR; };
		CA00AC5822D1DE82005ECFFE /* AppDelegate.swift */ = {isa = PBXFileReference; lastKnownFileType = sourcecode.swift; path = AppDelegate.swift; sourceTree = "<group>"; };
		CA00AC5A22D1DE82005ECFFE /* ProfileViewController.swift */ = {isa = PBXFileReference; lastKnownFileType = sourcecode.swift; path = ProfileViewController.swift; sourceTree = "<group>"; };
		CA00AC5D22D1DE82005ECFFE /* Base */ = {isa = PBXFileReference; lastKnownFileType = file.storyboard; name = Base; path = Base.lproj/Main.storyboard; sourceTree = "<group>"; };
		CA00AC5F22D1DE83005ECFFE /* Assets.xcassets */ = {isa = PBXFileReference; lastKnownFileType = folder.assetcatalog; path = Assets.xcassets; sourceTree = "<group>"; };
		CA00AC6122D1DE84005ECFFE /* Info.plist */ = {isa = PBXFileReference; lastKnownFileType = text.plist.xml; path = Info.plist; sourceTree = "<group>"; };
		CA00AC6822D1DEAE005ECFFE /* LoginViewController.swift */ = {isa = PBXFileReference; fileEncoding = 4; lastKnownFileType = sourcecode.swift; path = LoginViewController.swift; sourceTree = "<group>"; };
		CA00ACA722D24475005ECFFE /* Alamofire.xcodeproj */ = {isa = PBXFileReference; lastKnownFileType = "wrapper.pb-project"; name = Alamofire.xcodeproj; path = Alamofire/Alamofire.xcodeproj; sourceTree = "<group>"; };
		CA00ACC522D25D0B005ECFFE /* CookieManager.swift */ = {isa = PBXFileReference; lastKnownFileType = sourcecode.swift; path = CookieManager.swift; sourceTree = "<group>"; };
		CA00ACD222D2F0B7005ECFFE /* RootViewNavigator.swift */ = {isa = PBXFileReference; lastKnownFileType = sourcecode.swift; path = RootViewNavigator.swift; sourceTree = "<group>"; };
		CA05132222D933BA008B4B48 /* DataItemCellComposer.swift */ = {isa = PBXFileReference; fileEncoding = 4; lastKnownFileType = sourcecode.swift; path = DataItemCellComposer.swift; sourceTree = "<group>"; };
		CA05132522D933E8008B4B48 /* DataItem.swift */ = {isa = PBXFileReference; fileEncoding = 4; lastKnownFileType = sourcecode.swift; path = DataItem.swift; sourceTree = "<group>"; };
		CA73155C22D33E100046A75B /* SubscriptionsCollectionViewCell.swift */ = {isa = PBXFileReference; lastKnownFileType = sourcecode.swift; path = SubscriptionsCollectionViewCell.swift; sourceTree = "<group>"; };
		CA73156022D3420D0046A75B /* SubscriptionsCollectionViewController.swift */ = {isa = PBXFileReference; lastKnownFileType = sourcecode.swift; path = SubscriptionsCollectionViewController.swift; sourceTree = "<group>"; };
		CA73156222D352000046A75B /* SwiftyJSON.xcodeproj */ = {isa = PBXFileReference; lastKnownFileType = "wrapper.pb-project"; name = SwiftyJSON.xcodeproj; path = SwiftyJSON/SwiftyJSON.xcodeproj; sourceTree = "<group>"; };
		CA73157B22D352270046A75B /* zh-Hans */ = {isa = PBXFileReference; lastKnownFileType = text.plist.strings; name = "zh-Hans"; path = "zh-Hans.lproj/Main.strings"; sourceTree = "<group>"; };
/* End PBXFileReference section */

/* Begin PBXFrameworksBuildPhase section */
		CA00AC5222D1DE82005ECFFE /* Frameworks */ = {
			isa = PBXFrameworksBuildPhase;
			buildActionMask = 2147483647;
			files = (
				CA00ACC022D2455E005ECFFE /* Alamofire.framework in Frameworks */,
			);
			runOnlyForDeploymentPostprocessing = 0;
		};
/* End PBXFrameworksBuildPhase section */

/* Begin PBXGroup section */
		CA00AC4C22D1DE82005ECFFE = {
			isa = PBXGroup;
			children = (
				CA73156222D352000046A75B /* SwiftyJSON.xcodeproj */,
				CA00ACA722D24475005ECFFE /* Alamofire.xcodeproj */,
				CA00AC5722D1DE82005ECFFE /* Alibili */,
				CA00AC5622D1DE82005ECFFE /* Products */,
			);
			sourceTree = "<group>";
		};
		CA00AC5622D1DE82005ECFFE /* Products */ = {
			isa = PBXGroup;
			children = (
				CA00AC5522D1DE82005ECFFE /* Alibili.app */,
			);
			name = Products;
			sourceTree = "<group>";
		};
		CA00AC5722D1DE82005ECFFE /* Alibili */ = {
			isa = PBXGroup;
			children = (
				CA05132522D933E8008B4B48 /* DataItem.swift */,
				CA05132222D933BA008B4B48 /* DataItemCellComposer.swift */,
				CA00AC6822D1DEAE005ECFFE /* LoginViewController.swift */,
				CA00AC5822D1DE82005ECFFE /* AppDelegate.swift */,
				CA00AC5A22D1DE82005ECFFE /* ProfileViewController.swift */,
				CA00AC5C22D1DE82005ECFFE /* Main.storyboard */,
				CA00AC5F22D1DE83005ECFFE /* Assets.xcassets */,
				CA00AC6122D1DE84005ECFFE /* Info.plist */,
				CA00ACC522D25D0B005ECFFE /* CookieManager.swift */,
				CA00ACD222D2F0B7005ECFFE /* RootViewNavigator.swift */,
				CA73155C22D33E100046A75B /* SubscriptionsCollectionViewCell.swift */,
				CA73156022D3420D0046A75B /* SubscriptionsCollectionViewController.swift */,
			);
			path = Alibili;
			sourceTree = "<group>";
		};
		CA00ACA822D24475005ECFFE /* Products */ = {
			isa = PBXGroup;
			children = (
				CA00ACB322D24475005ECFFE /* Alamofire.framework */,
				CA00ACB522D24475005ECFFE /* Alamofire iOS Tests.xctest */,
				CA00ACB722D24475005ECFFE /* Alamofire.framework */,
				CA00ACB922D24475005ECFFE /* Alamofire macOS Tests.xctest */,
				CA00ACBB22D24475005ECFFE /* Alamofire.framework */,
				CA00ACBD22D24475005ECFFE /* Alamofire tvOS Tests.xctest */,
				CA00ACBF22D24475005ECFFE /* Alamofire.framework */,
			);
			name = Products;
			sourceTree = "<group>";
		};
		CA73156322D352000046A75B /* Products */ = {
			isa = PBXGroup;
			children = (
				CA73156E22D352000046A75B /* SwiftyJSON.framework */,
				CA73157022D352000046A75B /* SwiftyJSON iOS Tests.xctest */,
				CA73157222D352000046A75B /* SwiftyJSON.framework */,
				CA73157422D352000046A75B /* SwiftyJSON macOS Tests.xctest */,
				CA73157622D352000046A75B /* SwiftyJSON.framework */,
				CA73157822D352000046A75B /* SwiftyJSON.framework */,
				CA73157A22D352000046A75B /* SwiftyJSON tvOS Tests.xctest */,
			);
			name = Products;
			sourceTree = "<group>";
		};
/* End PBXGroup section */

/* Begin PBXNativeTarget section */
		CA00AC5422D1DE82005ECFFE /* Alibili */ = {
			isa = PBXNativeTarget;
			buildConfigurationList = CA00AC6422D1DE84005ECFFE /* Build configuration list for PBXNativeTarget "Alibili" */;
			buildPhases = (
				CA00AC5122D1DE82005ECFFE /* Sources */,
				CA00AC5222D1DE82005ECFFE /* Frameworks */,
				CA00AC5322D1DE82005ECFFE /* Resources */,
				CA00ACC422D2455E005ECFFE /* Embed Frameworks */,
			);
			buildRules = (
			);
			dependencies = (
				CA00ACC322D2455E005ECFFE /* PBXTargetDependency */,
			);
			name = Alibili;
			productName = Alibili;
			productReference = CA00AC5522D1DE82005ECFFE /* Alibili.app */;
			productType = "com.apple.product-type.application";
		};
/* End PBXNativeTarget section */

/* Begin PBXProject section */
		CA00AC4D22D1DE82005ECFFE /* Project object */ = {
			isa = PBXProject;
			attributes = {
				LastSwiftUpdateCheck = 1020;
				LastUpgradeCheck = 1020;
				ORGANIZATIONNAME = "Xiaonan Zhang";
				TargetAttributes = {
					CA00AC5422D1DE82005ECFFE = {
						CreatedOnToolsVersion = 10.2.1;
					};
				};
			};
			buildConfigurationList = CA00AC5022D1DE82005ECFFE /* Build configuration list for PBXProject "Alibili" */;
			compatibilityVersion = "Xcode 9.3";
			developmentRegion = en;
			hasScannedForEncodings = 0;
			knownRegions = (
				en,
				Base,
				"zh-Hans",
			);
			mainGroup = CA00AC4C22D1DE82005ECFFE;
			productRefGroup = CA00AC5622D1DE82005ECFFE /* Products */;
			projectDirPath = "";
			projectReferences = (
				{
					ProductGroup = CA00ACA822D24475005ECFFE /* Products */;
					ProjectRef = CA00ACA722D24475005ECFFE /* Alamofire.xcodeproj */;
				},
				{
					ProductGroup = CA73156322D352000046A75B /* Products */;
					ProjectRef = CA73156222D352000046A75B /* SwiftyJSON.xcodeproj */;
				},
			);
			projectRoot = "";
			targets = (
				CA00AC5422D1DE82005ECFFE /* Alibili */,
			);
		};
/* End PBXProject section */

/* Begin PBXReferenceProxy section */
		CA00ACB322D24475005ECFFE /* Alamofire.framework */ = {
			isa = PBXReferenceProxy;
			fileType = wrapper.framework;
			path = Alamofire.framework;
			remoteRef = CA00ACB222D24475005ECFFE /* PBXContainerItemProxy */;
			sourceTree = BUILT_PRODUCTS_DIR;
		};
		CA00ACB522D24475005ECFFE /* Alamofire iOS Tests.xctest */ = {
			isa = PBXReferenceProxy;
			fileType = wrapper.cfbundle;
			path = "Alamofire iOS Tests.xctest";
			remoteRef = CA00ACB422D24475005ECFFE /* PBXContainerItemProxy */;
			sourceTree = BUILT_PRODUCTS_DIR;
		};
		CA00ACB722D24475005ECFFE /* Alamofire.framework */ = {
			isa = PBXReferenceProxy;
			fileType = wrapper.framework;
			path = Alamofire.framework;
			remoteRef = CA00ACB622D24475005ECFFE /* PBXContainerItemProxy */;
			sourceTree = BUILT_PRODUCTS_DIR;
		};
		CA00ACB922D24475005ECFFE /* Alamofire macOS Tests.xctest */ = {
			isa = PBXReferenceProxy;
			fileType = wrapper.cfbundle;
			path = "Alamofire macOS Tests.xctest";
			remoteRef = CA00ACB822D24475005ECFFE /* PBXContainerItemProxy */;
			sourceTree = BUILT_PRODUCTS_DIR;
		};
		CA00ACBB22D24475005ECFFE /* Alamofire.framework */ = {
			isa = PBXReferenceProxy;
			fileType = wrapper.framework;
			path = Alamofire.framework;
			remoteRef = CA00ACBA22D24475005ECFFE /* PBXContainerItemProxy */;
			sourceTree = BUILT_PRODUCTS_DIR;
		};
		CA00ACBD22D24475005ECFFE /* Alamofire tvOS Tests.xctest */ = {
			isa = PBXReferenceProxy;
			fileType = wrapper.cfbundle;
			path = "Alamofire tvOS Tests.xctest";
			remoteRef = CA00ACBC22D24475005ECFFE /* PBXContainerItemProxy */;
			sourceTree = BUILT_PRODUCTS_DIR;
		};
		CA00ACBF22D24475005ECFFE /* Alamofire.framework */ = {
			isa = PBXReferenceProxy;
			fileType = wrapper.framework;
			path = Alamofire.framework;
			remoteRef = CA00ACBE22D24475005ECFFE /* PBXContainerItemProxy */;
			sourceTree = BUILT_PRODUCTS_DIR;
		};
		CA73156E22D352000046A75B /* SwiftyJSON.framework */ = {
			isa = PBXReferenceProxy;
			fileType = wrapper.framework;
			path = SwiftyJSON.framework;
			remoteRef = CA73156D22D352000046A75B /* PBXContainerItemProxy */;
			sourceTree = BUILT_PRODUCTS_DIR;
		};
		CA73157022D352000046A75B /* SwiftyJSON iOS Tests.xctest */ = {
			isa = PBXReferenceProxy;
			fileType = wrapper.cfbundle;
			path = "SwiftyJSON iOS Tests.xctest";
			remoteRef = CA73156F22D352000046A75B /* PBXContainerItemProxy */;
			sourceTree = BUILT_PRODUCTS_DIR;
		};
		CA73157222D352000046A75B /* SwiftyJSON.framework */ = {
			isa = PBXReferenceProxy;
			fileType = wrapper.framework;
			path = SwiftyJSON.framework;
			remoteRef = CA73157122D352000046A75B /* PBXContainerItemProxy */;
			sourceTree = BUILT_PRODUCTS_DIR;
		};
		CA73157422D352000046A75B /* SwiftyJSON macOS Tests.xctest */ = {
			isa = PBXReferenceProxy;
			fileType = wrapper.cfbundle;
			path = "SwiftyJSON macOS Tests.xctest";
			remoteRef = CA73157322D352000046A75B /* PBXContainerItemProxy */;
			sourceTree = BUILT_PRODUCTS_DIR;
		};
		CA73157622D352000046A75B /* SwiftyJSON.framework */ = {
			isa = PBXReferenceProxy;
			fileType = wrapper.framework;
			path = SwiftyJSON.framework;
			remoteRef = CA73157522D352000046A75B /* PBXContainerItemProxy */;
			sourceTree = BUILT_PRODUCTS_DIR;
		};
		CA73157822D352000046A75B /* SwiftyJSON.framework */ = {
			isa = PBXReferenceProxy;
			fileType = wrapper.framework;
			path = SwiftyJSON.framework;
			remoteRef = CA73157722D352000046A75B /* PBXContainerItemProxy */;
			sourceTree = BUILT_PRODUCTS_DIR;
		};
		CA73157A22D352000046A75B /* SwiftyJSON tvOS Tests.xctest */ = {
			isa = PBXReferenceProxy;
			fileType = wrapper.cfbundle;
			path = "SwiftyJSON tvOS Tests.xctest";
			remoteRef = CA73157922D352000046A75B /* PBXContainerItemProxy */;
			sourceTree = BUILT_PRODUCTS_DIR;
		};
/* End PBXReferenceProxy section */

/* Begin PBXResourcesBuildPhase section */
		CA00AC5322D1DE82005ECFFE /* Resources */ = {
			isa = PBXResourcesBuildPhase;
			buildActionMask = 2147483647;
			files = (
				CA00AC6022D1DE83005ECFFE /* Assets.xcassets in Resources */,
				CA00AC5E22D1DE82005ECFFE /* Main.storyboard in Resources */,
			);
			runOnlyForDeploymentPostprocessing = 0;
		};
/* End PBXResourcesBuildPhase section */

/* Begin PBXSourcesBuildPhase section */
		CA00AC5122D1DE82005ECFFE /* Sources */ = {
			isa = PBXSourcesBuildPhase;
			buildActionMask = 2147483647;
			files = (
				CA05132622D933E8008B4B48 /* DataItem.swift in Sources */,
				CA00ACC622D25D0B005ECFFE /* CookieManager.swift in Sources */,
				CA00AC6B22D1DEAF005ECFFE /* LoginViewController.swift in Sources */,
				CA00AC5B22D1DE82005ECFFE /* ProfileViewController.swift in Sources */,
				CA00AC5922D1DE82005ECFFE /* AppDelegate.swift in Sources */,
				CA73156122D3420D0046A75B /* SubscriptionsCollectionViewController.swift in Sources */,
				CA05132422D933BA008B4B48 /* DataItemCellComposer.swift in Sources */,
				CA73155D22D33E100046A75B /* SubscriptionsCollectionViewCell.swift in Sources */,
				CA00ACD322D2F0B7005ECFFE /* RootViewNavigator.swift in Sources */,
			);
			runOnlyForDeploymentPostprocessing = 0;
		};
/* End PBXSourcesBuildPhase section */

/* Begin PBXTargetDependency section */
		CA00ACC322D2455E005ECFFE /* PBXTargetDependency */ = {
			isa = PBXTargetDependency;
			name = "Alamofire tvOS";
			targetProxy = CA00ACC222D2455E005ECFFE /* PBXContainerItemProxy */;
		};
/* End PBXTargetDependency section */

/* Begin PBXVariantGroup section */
		CA00AC5C22D1DE82005ECFFE /* Main.storyboard */ = {
			isa = PBXVariantGroup;
			children = (
				CA00AC5D22D1DE82005ECFFE /* Base */,
				CA73157B22D352270046A75B /* zh-Hans */,
			);
			name = Main.storyboard;
			sourceTree = "<group>";
		};
/* End PBXVariantGroup section */

/* Begin XCBuildConfiguration section */
		CA00AC6222D1DE84005ECFFE /* Debug */ = {
			isa = XCBuildConfiguration;
			buildSettings = {
				ALWAYS_SEARCH_USER_PATHS = NO;
				CLANG_ANALYZER_LOCALIZABILITY_NONLOCALIZED = YES;
				CLANG_ANALYZER_NONNULL = YES;
				CLANG_ANALYZER_NUMBER_OBJECT_CONVERSION = YES_AGGRESSIVE;
				CLANG_CXX_LANGUAGE_STANDARD = "gnu++14";
				CLANG_CXX_LIBRARY = "libc++";
				CLANG_ENABLE_MODULES = YES;
				CLANG_ENABLE_OBJC_ARC = YES;
				CLANG_ENABLE_OBJC_WEAK = YES;
				CLANG_WARN_BLOCK_CAPTURE_AUTORELEASING = YES;
				CLANG_WARN_BOOL_CONVERSION = YES;
				CLANG_WARN_COMMA = YES;
				CLANG_WARN_CONSTANT_CONVERSION = YES;
				CLANG_WARN_DEPRECATED_OBJC_IMPLEMENTATIONS = YES;
				CLANG_WARN_DIRECT_OBJC_ISA_USAGE = YES_ERROR;
				CLANG_WARN_DOCUMENTATION_COMMENTS = YES;
				CLANG_WARN_EMPTY_BODY = YES;
				CLANG_WARN_ENUM_CONVERSION = YES;
				CLANG_WARN_INFINITE_RECURSION = YES;
				CLANG_WARN_INT_CONVERSION = YES;
				CLANG_WARN_NON_LITERAL_NULL_CONVERSION = YES;
				CLANG_WARN_OBJC_IMPLICIT_RETAIN_SELF = YES;
				CLANG_WARN_OBJC_LITERAL_CONVERSION = YES;
				CLANG_WARN_OBJC_ROOT_CLASS = YES_ERROR;
				CLANG_WARN_RANGE_LOOP_ANALYSIS = YES;
				CLANG_WARN_STRICT_PROTOTYPES = YES;
				CLANG_WARN_SUSPICIOUS_MOVE = YES;
				CLANG_WARN_UNGUARDED_AVAILABILITY = YES_AGGRESSIVE;
				CLANG_WARN_UNREACHABLE_CODE = YES;
				CLANG_WARN__DUPLICATE_METHOD_MATCH = YES;
				COPY_PHASE_STRIP = NO;
				DEBUG_INFORMATION_FORMAT = dwarf;
				ENABLE_STRICT_OBJC_MSGSEND = YES;
				ENABLE_TESTABILITY = YES;
				GCC_C_LANGUAGE_STANDARD = gnu11;
				GCC_DYNAMIC_NO_PIC = NO;
				GCC_NO_COMMON_BLOCKS = YES;
				GCC_OPTIMIZATION_LEVEL = 0;
				GCC_PREPROCESSOR_DEFINITIONS = (
					"DEBUG=1",
					"$(inherited)",
				);
				GCC_WARN_64_TO_32_BIT_CONVERSION = YES;
				GCC_WARN_ABOUT_RETURN_TYPE = YES_ERROR;
				GCC_WARN_UNDECLARED_SELECTOR = YES;
				GCC_WARN_UNINITIALIZED_AUTOS = YES_AGGRESSIVE;
				GCC_WARN_UNUSED_FUNCTION = YES;
				GCC_WARN_UNUSED_VARIABLE = YES;
				MTL_ENABLE_DEBUG_INFO = INCLUDE_SOURCE;
				MTL_FAST_MATH = YES;
				ONLY_ACTIVE_ARCH = YES;
				SDKROOT = appletvos;
				SWIFT_ACTIVE_COMPILATION_CONDITIONS = DEBUG;
				SWIFT_OPTIMIZATION_LEVEL = "-Onone";
				TVOS_DEPLOYMENT_TARGET = 12.2;
			};
			name = Debug;
		};
		CA00AC6322D1DE84005ECFFE /* Release */ = {
			isa = XCBuildConfiguration;
			buildSettings = {
				ALWAYS_SEARCH_USER_PATHS = NO;
				CLANG_ANALYZER_LOCALIZABILITY_NONLOCALIZED = YES;
				CLANG_ANALYZER_NONNULL = YES;
				CLANG_ANALYZER_NUMBER_OBJECT_CONVERSION = YES_AGGRESSIVE;
				CLANG_CXX_LANGUAGE_STANDARD = "gnu++14";
				CLANG_CXX_LIBRARY = "libc++";
				CLANG_ENABLE_MODULES = YES;
				CLANG_ENABLE_OBJC_ARC = YES;
				CLANG_ENABLE_OBJC_WEAK = YES;
				CLANG_WARN_BLOCK_CAPTURE_AUTORELEASING = YES;
				CLANG_WARN_BOOL_CONVERSION = YES;
				CLANG_WARN_COMMA = YES;
				CLANG_WARN_CONSTANT_CONVERSION = YES;
				CLANG_WARN_DEPRECATED_OBJC_IMPLEMENTATIONS = YES;
				CLANG_WARN_DIRECT_OBJC_ISA_USAGE = YES_ERROR;
				CLANG_WARN_DOCUMENTATION_COMMENTS = YES;
				CLANG_WARN_EMPTY_BODY = YES;
				CLANG_WARN_ENUM_CONVERSION = YES;
				CLANG_WARN_INFINITE_RECURSION = YES;
				CLANG_WARN_INT_CONVERSION = YES;
				CLANG_WARN_NON_LITERAL_NULL_CONVERSION = YES;
				CLANG_WARN_OBJC_IMPLICIT_RETAIN_SELF = YES;
				CLANG_WARN_OBJC_LITERAL_CONVERSION = YES;
				CLANG_WARN_OBJC_ROOT_CLASS = YES_ERROR;
				CLANG_WARN_RANGE_LOOP_ANALYSIS = YES;
				CLANG_WARN_STRICT_PROTOTYPES = YES;
				CLANG_WARN_SUSPICIOUS_MOVE = YES;
				CLANG_WARN_UNGUARDED_AVAILABILITY = YES_AGGRESSIVE;
				CLANG_WARN_UNREACHABLE_CODE = YES;
				CLANG_WARN__DUPLICATE_METHOD_MATCH = YES;
				COPY_PHASE_STRIP = NO;
				DEBUG_INFORMATION_FORMAT = "dwarf-with-dsym";
				ENABLE_NS_ASSERTIONS = NO;
				ENABLE_STRICT_OBJC_MSGSEND = YES;
				GCC_C_LANGUAGE_STANDARD = gnu11;
				GCC_NO_COMMON_BLOCKS = YES;
				GCC_WARN_64_TO_32_BIT_CONVERSION = YES;
				GCC_WARN_ABOUT_RETURN_TYPE = YES_ERROR;
				GCC_WARN_UNDECLARED_SELECTOR = YES;
				GCC_WARN_UNINITIALIZED_AUTOS = YES_AGGRESSIVE;
				GCC_WARN_UNUSED_FUNCTION = YES;
				GCC_WARN_UNUSED_VARIABLE = YES;
				MTL_ENABLE_DEBUG_INFO = NO;
				MTL_FAST_MATH = YES;
				SDKROOT = appletvos;
				SWIFT_COMPILATION_MODE = wholemodule;
				SWIFT_OPTIMIZATION_LEVEL = "-O";
				TVOS_DEPLOYMENT_TARGET = 12.2;
				VALIDATE_PRODUCT = YES;
			};
			name = Release;
		};
		CA00AC6522D1DE84005ECFFE /* Debug */ = {
			isa = XCBuildConfiguration;
			buildSettings = {
				ALWAYS_EMBED_SWIFT_STANDARD_LIBRARIES = YES;
				ASSETCATALOG_COMPILER_APPICON_NAME = "App Icon & Top Shelf Image";
				CODE_SIGN_STYLE = Automatic;
				DEVELOPMENT_TEAM = Z7C4XFND6T;
				INFOPLIST_FILE = Alibili/Info.plist;
				LD_RUNPATH_SEARCH_PATHS = (
					"$(inherited)",
					"@executable_path/Frameworks",
				);
				PRODUCT_BUNDLE_IDENTIFIER = com.sauvignon1989.Alibili;
				PRODUCT_NAME = "$(TARGET_NAME)";
				SWIFT_VERSION = 5.0;
				TARGETED_DEVICE_FAMILY = 3;
			};
			name = Debug;
		};
		CA00AC6622D1DE84005ECFFE /* Release */ = {
			isa = XCBuildConfiguration;
			buildSettings = {
				ALWAYS_EMBED_SWIFT_STANDARD_LIBRARIES = YES;
				ASSETCATALOG_COMPILER_APPICON_NAME = "App Icon & Top Shelf Image";
				CODE_SIGN_STYLE = Automatic;
				DEVELOPMENT_TEAM = Z7C4XFND6T;
				INFOPLIST_FILE = Alibili/Info.plist;
				LD_RUNPATH_SEARCH_PATHS = (
					"$(inherited)",
					"@executable_path/Frameworks",
				);
				PRODUCT_BUNDLE_IDENTIFIER = com.sauvignon1989.Alibili;
				PRODUCT_NAME = "$(TARGET_NAME)";
				SWIFT_VERSION = 5.0;
				TARGETED_DEVICE_FAMILY = 3;
			};
			name = Release;
		};
/* End XCBuildConfiguration section */

/* Begin XCConfigurationList section */
		CA00AC5022D1DE82005ECFFE /* Build configuration list for PBXProject "Alibili" */ = {
			isa = XCConfigurationList;
			buildConfigurations = (
				CA00AC6222D1DE84005ECFFE /* Debug */,
				CA00AC6322D1DE84005ECFFE /* Release */,
			);
			defaultConfigurationIsVisible = 0;
			defaultConfigurationName = Release;
		};
		CA00AC6422D1DE84005ECFFE /* Build configuration list for PBXNativeTarget "Alibili" */ = {
			isa = XCConfigurationList;
			buildConfigurations = (
				CA00AC6522D1DE84005ECFFE /* Debug */,
				CA00AC6622D1DE84005ECFFE /* Release */,
			);
			defaultConfigurationIsVisible = 0;
			defaultConfigurationName = Release;
		};
/* End XCConfigurationList section */
	};
	rootObject = CA00AC4D22D1DE82005ECFFE /* Project object */;
}
